// !$*UTF8*$!
{
	archiveVersion = 1;
	classes = {
	};
	objectVersion = 46;
	objects = {

/* Begin PBXBuildFile section */
		B10E36051491BADC00B277A7 /* PVNegativeLookAhead.h in Headers */ = {isa = PBXBuildFile; fileRef = B10E36031491BADC00B277A7 /* PVNegativeLookAhead.h */; };
		B10E36061491BADC00B277A7 /* PVNegativeLookAhead.m in Sources */ = {isa = PBXBuildFile; fileRef = B10E36041491BADC00B277A7 /* PVNegativeLookAhead.m */; };
		B10E36091491BAF300B277A7 /* PVPositiveLookAhead.h in Headers */ = {isa = PBXBuildFile; fileRef = B10E36071491BAF300B277A7 /* PVPositiveLookAhead.h */; };
		B10E360A1491BAF300B277A7 /* PVPositiveLookAhead.m in Sources */ = {isa = PBXBuildFile; fileRef = B10E36081491BAF300B277A7 /* PVPositiveLookAhead.m */; };
		B10E360D1491BB0200B277A7 /* PVErrorName.h in Headers */ = {isa = PBXBuildFile; fileRef = B10E360B1491BB0200B277A7 /* PVErrorName.h */; };
		B10E360E1491BB0200B277A7 /* PVErrorName.m in Sources */ = {isa = PBXBuildFile; fileRef = B10E360C1491BB0200B277A7 /* PVErrorName.m */; };
		B10E36111491BB0D00B277A7 /* PVErrorChoice.h in Headers */ = {isa = PBXBuildFile; fileRef = B10E360F1491BB0D00B277A7 /* PVErrorChoice.h */; };
		B10E36121491BB0D00B277A7 /* PVErrorChoice.m in Sources */ = {isa = PBXBuildFile; fileRef = B10E36101491BB0D00B277A7 /* PVErrorChoice.m */; };
		B10E36151491C84D00B277A7 /* PVParserContext.h in Headers */ = {isa = PBXBuildFile; fileRef = B10E36131491C84D00B277A7 /* PVParserContext.h */; };
		B10E36161491C84D00B277A7 /* PVParserContext.m in Sources */ = {isa = PBXBuildFile; fileRef = B10E36141491C84D00B277A7 /* PVParserContext.m */; };
		B10E361C1491CE7600B277A7 /* PVParserContextMemo.h in Headers */ = {isa = PBXBuildFile; fileRef = B10E361A1491CE7600B277A7 /* PVParserContextMemo.h */; };
		B10E361D1491CE7600B277A7 /* PVParserContextMemo.m in Sources */ = {isa = PBXBuildFile; fileRef = B10E361B1491CE7600B277A7 /* PVParserContextMemo.m */; };
		B10E36251493B79D00B277A7 /* PVEBNFParserBootstrap.h in Headers */ = {isa = PBXBuildFile; fileRef = B10E36231493B79D00B277A7 /* PVEBNFParserBootstrap.h */; };
		B10E36261493B79D00B277A7 /* PVEBNFParserBootstrap.m in Sources */ = {isa = PBXBuildFile; fileRef = B10E36241493B79D00B277A7 /* PVEBNFParserBootstrap.m */; };
		B10E36291493E4F100B277A7 /* PVForward.h in Headers */ = {isa = PBXBuildFile; fileRef = B10E36271493E4EA00B277A7 /* PVForward.h */; };
		B10E362A1493E4F100B277A7 /* PVForward.m in Sources */ = {isa = PBXBuildFile; fileRef = B10E36281493E4EC00B277A7 /* PVForward.m */; };
		B181F044149070A0000298E5 /* Cocoa.framework in Frameworks */ = {isa = PBXBuildFile; fileRef = B181F043149070A0000298E5 /* Cocoa.framework */; };
		B181F04E149070A0000298E5 /* InfoPlist.strings in Resources */ = {isa = PBXBuildFile; fileRef = B181F04C149070A0000298E5 /* InfoPlist.strings */; };
		B181F052149070A0000298E5 /* Broca.m in Sources */ = {isa = PBXBuildFile; fileRef = B181F051149070A0000298E5 /* Broca.m */; };
		B181F05A149070A0000298E5 /* SenTestingKit.framework in Frameworks */ = {isa = PBXBuildFile; fileRef = B181F059149070A0000298E5 /* SenTestingKit.framework */; };
		B181F05B149070A0000298E5 /* Cocoa.framework in Frameworks */ = {isa = PBXBuildFile; fileRef = B181F043149070A0000298E5 /* Cocoa.framework */; };
		B181F05E149070A0000298E5 /* Broca.framework in Frameworks */ = {isa = PBXBuildFile; fileRef = B181F040149070A0000298E5 /* Broca.framework */; };
		B181F064149070A0000298E5 /* InfoPlist.strings in Resources */ = {isa = PBXBuildFile; fileRef = B181F062149070A0000298E5 /* InfoPlist.strings */; };
		B181F066149070A0000298E5 /* BrocaTests.h in Resources */ = {isa = PBXBuildFile; fileRef = B181F065149070A0000298E5 /* BrocaTests.h */; };
		B181F068149070A0000298E5 /* BrocaTests.m in Sources */ = {isa = PBXBuildFile; fileRef = B181F067149070A0000298E5 /* BrocaTests.m */; };
		B181F0731490711D000298E5 /* PVParser.h in Headers */ = {isa = PBXBuildFile; fileRef = B181F0711490711D000298E5 /* PVParser.h */; };
		B181F0741490711D000298E5 /* PVParser.m in Sources */ = {isa = PBXBuildFile; fileRef = B181F0721490711D000298E5 /* PVParser.m */; };
		B181F07B149071F8000298E5 /* PVSyntaxNode.h in Headers */ = {isa = PBXBuildFile; fileRef = B181F079149071F8000298E5 /* PVSyntaxNode.h */; };
		B181F07C149071F8000298E5 /* PVSyntaxNode.m in Sources */ = {isa = PBXBuildFile; fileRef = B181F07A149071F8000298E5 /* PVSyntaxNode.m */; };
		B181F07E149076A3000298E5 /* PVSyntaxNodeTraverser.h in Headers */ = {isa = PBXBuildFile; fileRef = B181F07D149076A3000298E5 /* PVSyntaxNodeTraverser.h */; };
		B181F0811490D20D000298E5 /* PVCompiledGrammar.h in Headers */ = {isa = PBXBuildFile; fileRef = B181F07F1490D20D000298E5 /* PVCompiledGrammar.h */; };
		B181F0821490D20D000298E5 /* PVCompiledGrammar.m in Sources */ = {isa = PBXBuildFile; fileRef = B181F0801490D20D000298E5 /* PVCompiledGrammar.m */; };
		B181F0871491B52A000298E5 /* PVName.h in Headers */ = {isa = PBXBuildFile; fileRef = B181F0851491B529000298E5 /* PVName.h */; };
		B181F0881491B52A000298E5 /* PVName.m in Sources */ = {isa = PBXBuildFile; fileRef = B181F0861491B52A000298E5 /* PVName.m */; };
		B181F08B1491B61F000298E5 /* PVRule.h in Headers */ = {isa = PBXBuildFile; fileRef = B181F0891491B61E000298E5 /* PVRule.h */; };
		B181F08C1491B61F000298E5 /* PVRule.m in Sources */ = {isa = PBXBuildFile; fileRef = B181F08A1491B61E000298E5 /* PVRule.m */; };
		B181F08F1491B77C000298E5 /* PVCharacter.h in Headers */ = {isa = PBXBuildFile; fileRef = B181F08D1491B77B000298E5 /* PVCharacter.h */; };
		B181F0901491B77C000298E5 /* PVCharacter.m in Sources */ = {isa = PBXBuildFile; fileRef = B181F08E1491B77C000298E5 /* PVCharacter.m */; };
		B181F0931491B870000298E5 /* PVDot.h in Headers */ = {isa = PBXBuildFile; fileRef = B181F0911491B86F000298E5 /* PVDot.h */; };
		B181F0941491B870000298E5 /* PVDot.m in Sources */ = {isa = PBXBuildFile; fileRef = B181F0921491B86F000298E5 /* PVDot.m */; };
		B181F0971491B895000298E5 /* PVOrderedChoice.h in Headers */ = {isa = PBXBuildFile; fileRef = B181F0951491B893000298E5 /* PVOrderedChoice.h */; };
		B181F0981491B895000298E5 /* PVOrderedChoice.m in Sources */ = {isa = PBXBuildFile; fileRef = B181F0961491B894000298E5 /* PVOrderedChoice.m */; };
		B181F09B1491B8A9000298E5 /* PVSequence.h in Headers */ = {isa = PBXBuildFile; fileRef = B181F0991491B8A8000298E5 /* PVSequence.h */; };
		B181F09C1491B8A9000298E5 /* PVSequence.m in Sources */ = {isa = PBXBuildFile; fileRef = B181F09A1491B8A8000298E5 /* PVSequence.m */; };
		B181F09F1491B8C4000298E5 /* PVLiteral.h in Headers */ = {isa = PBXBuildFile; fileRef = B181F09D1491B8C2000298E5 /* PVLiteral.h */; };
		B181F0A01491B8C4000298E5 /* PVLiteral.m in Sources */ = {isa = PBXBuildFile; fileRef = B181F09E1491B8C3000298E5 /* PVLiteral.m */; };
		B181F0A31491B9CA000298E5 /* PVZeroOrMore.h in Headers */ = {isa = PBXBuildFile; fileRef = B181F0A11491B9C8000298E5 /* PVZeroOrMore.h */; };
		B181F0A41491B9CA000298E5 /* PVZeroOrMore.m in Sources */ = {isa = PBXBuildFile; fileRef = B181F0A21491B9C9000298E5 /* PVZeroOrMore.m */; };
		B181F0A71491B9F0000298E5 /* PVOneOrMore.h in Headers */ = {isa = PBXBuildFile; fileRef = B181F0A51491B9EE000298E5 /* PVOneOrMore.h */; };
		B181F0A81491B9F0000298E5 /* PVOneOrMore.m in Sources */ = {isa = PBXBuildFile; fileRef = B181F0A61491B9EF000298E5 /* PVOneOrMore.m */; };
		B181F0AB1491BA0C000298E5 /* PVOptional.h in Headers */ = {isa = PBXBuildFile; fileRef = B181F0A91491B9FE000298E5 /* PVOptional.h */; };
		B181F0AC1491BA0C000298E5 /* PVOptional.m in Sources */ = {isa = PBXBuildFile; fileRef = B181F0AA1491BA03000298E5 /* PVOptional.m */; };
/* End PBXBuildFile section */

/* Begin PBXContainerItemProxy section */
		B181F05C149070A0000298E5 /* PBXContainerItemProxy */ = {
			isa = PBXContainerItemProxy;
			containerPortal = B181F036149070A0000298E5 /* Project object */;
			proxyType = 1;
			remoteGlobalIDString = B181F03F149070A0000298E5;
			remoteInfo = Broca;
		};
/* End PBXContainerItemProxy section */

/* Begin PBXFileReference section */
		B10E36031491BADC00B277A7 /* PVNegativeLookAhead.h */ = {isa = PBXFileReference; fileEncoding = 4; lastKnownFileType = sourcecode.c.h; path = PVNegativeLookAhead.h; sourceTree = "<group>"; };
		B10E36041491BADC00B277A7 /* PVNegativeLookAhead.m */ = {isa = PBXFileReference; fileEncoding = 4; lastKnownFileType = sourcecode.c.objc; path = PVNegativeLookAhead.m; sourceTree = "<group>"; };
		B10E36071491BAF300B277A7 /* PVPositiveLookAhead.h */ = {isa = PBXFileReference; fileEncoding = 4; lastKnownFileType = sourcecode.c.h; path = PVPositiveLookAhead.h; sourceTree = "<group>"; };
		B10E36081491BAF300B277A7 /* PVPositiveLookAhead.m */ = {isa = PBXFileReference; fileEncoding = 4; lastKnownFileType = sourcecode.c.objc; path = PVPositiveLookAhead.m; sourceTree = "<group>"; };
		B10E360B1491BB0200B277A7 /* PVErrorName.h */ = {isa = PBXFileReference; fileEncoding = 4; lastKnownFileType = sourcecode.c.h; path = PVErrorName.h; sourceTree = "<group>"; };
		B10E360C1491BB0200B277A7 /* PVErrorName.m */ = {isa = PBXFileReference; fileEncoding = 4; lastKnownFileType = sourcecode.c.objc; path = PVErrorName.m; sourceTree = "<group>"; };
		B10E360F1491BB0D00B277A7 /* PVErrorChoice.h */ = {isa = PBXFileReference; fileEncoding = 4; lastKnownFileType = sourcecode.c.h; path = PVErrorChoice.h; sourceTree = "<group>"; };
		B10E36101491BB0D00B277A7 /* PVErrorChoice.m */ = {isa = PBXFileReference; fileEncoding = 4; lastKnownFileType = sourcecode.c.objc; path = PVErrorChoice.m; sourceTree = "<group>"; };
		B10E36131491C84D00B277A7 /* PVParserContext.h */ = {isa = PBXFileReference; fileEncoding = 4; lastKnownFileType = sourcecode.c.h; path = PVParserContext.h; sourceTree = "<group>"; };
		B10E36141491C84D00B277A7 /* PVParserContext.m */ = {isa = PBXFileReference; fileEncoding = 4; lastKnownFileType = sourcecode.c.objc; path = PVParserContext.m; sourceTree = "<group>"; };
		B10E361A1491CE7600B277A7 /* PVParserContextMemo.h */ = {isa = PBXFileReference; fileEncoding = 4; lastKnownFileType = sourcecode.c.h; path = PVParserContextMemo.h; sourceTree = "<group>"; };
		B10E361B1491CE7600B277A7 /* PVParserContextMemo.m */ = {isa = PBXFileReference; fileEncoding = 4; lastKnownFileType = sourcecode.c.objc; path = PVParserContextMemo.m; sourceTree = "<group>"; };
		B10E36231493B79D00B277A7 /* PVEBNFParserBootstrap.h */ = {isa = PBXFileReference; fileEncoding = 4; lastKnownFileType = sourcecode.c.h; path = PVEBNFParserBootstrap.h; sourceTree = "<group>"; };
		B10E36241493B79D00B277A7 /* PVEBNFParserBootstrap.m */ = {isa = PBXFileReference; fileEncoding = 4; lastKnownFileType = sourcecode.c.objc; path = PVEBNFParserBootstrap.m; sourceTree = "<group>"; };
		B10E36271493E4EA00B277A7 /* PVForward.h */ = {isa = PBXFileReference; fileEncoding = 4; lastKnownFileType = sourcecode.c.h; path = PVForward.h; sourceTree = "<group>"; };
		B10E36281493E4EC00B277A7 /* PVForward.m */ = {isa = PBXFileReference; fileEncoding = 4; lastKnownFileType = sourcecode.c.objc; path = PVForward.m; sourceTree = "<group>"; };
		B181F040149070A0000298E5 /* Broca.framework */ = {isa = PBXFileReference; explicitFileType = wrapper.framework; includeInIndex = 0; path = Broca.framework; sourceTree = BUILT_PRODUCTS_DIR; };
		B181F043149070A0000298E5 /* Cocoa.framework */ = {isa = PBXFileReference; lastKnownFileType = wrapper.framework; name = Cocoa.framework; path = System/Library/Frameworks/Cocoa.framework; sourceTree = SDKROOT; };
		B181F046149070A0000298E5 /* AppKit.framework */ = {isa = PBXFileReference; lastKnownFileType = wrapper.framework; name = AppKit.framework; path = System/Library/Frameworks/AppKit.framework; sourceTree = SDKROOT; };
		B181F047149070A0000298E5 /* CoreData.framework */ = {isa = PBXFileReference; lastKnownFileType = wrapper.framework; name = CoreData.framework; path = System/Library/Frameworks/CoreData.framework; sourceTree = SDKROOT; };
		B181F048149070A0000298E5 /* Foundation.framework */ = {isa = PBXFileReference; lastKnownFileType = wrapper.framework; name = Foundation.framework; path = System/Library/Frameworks/Foundation.framework; sourceTree = SDKROOT; };
		B181F04B149070A0000298E5 /* Broca-Info.plist */ = {isa = PBXFileReference; lastKnownFileType = text.plist.xml; path = "Broca-Info.plist"; sourceTree = "<group>"; };
		B181F04D149070A0000298E5 /* en */ = {isa = PBXFileReference; lastKnownFileType = text.plist.strings; name = en; path = en.lproj/InfoPlist.strings; sourceTree = "<group>"; };
		B181F04F149070A0000298E5 /* Broca-Prefix.pch */ = {isa = PBXFileReference; lastKnownFileType = sourcecode.c.h; path = "Broca-Prefix.pch"; sourceTree = "<group>"; };
		B181F050149070A0000298E5 /* Broca.h */ = {isa = PBXFileReference; lastKnownFileType = sourcecode.c.h; path = Broca.h; sourceTree = "<group>"; };
		B181F051149070A0000298E5 /* Broca.m */ = {isa = PBXFileReference; lastKnownFileType = sourcecode.c.objc; path = Broca.m; sourceTree = "<group>"; };
		B181F058149070A0000298E5 /* BrocaTests.octest */ = {isa = PBXFileReference; explicitFileType = wrapper.cfbundle; includeInIndex = 0; path = BrocaTests.octest; sourceTree = BUILT_PRODUCTS_DIR; };
		B181F059149070A0000298E5 /* SenTestingKit.framework */ = {isa = PBXFileReference; lastKnownFileType = wrapper.framework; name = SenTestingKit.framework; path = Library/Frameworks/SenTestingKit.framework; sourceTree = DEVELOPER_DIR; };
		B181F061149070A0000298E5 /* BrocaTests-Info.plist */ = {isa = PBXFileReference; lastKnownFileType = text.plist.xml; path = "BrocaTests-Info.plist"; sourceTree = "<group>"; };
		B181F063149070A0000298E5 /* en */ = {isa = PBXFileReference; lastKnownFileType = text.plist.strings; name = en; path = en.lproj/InfoPlist.strings; sourceTree = "<group>"; };
		B181F065149070A0000298E5 /* BrocaTests.h */ = {isa = PBXFileReference; lastKnownFileType = sourcecode.c.h; path = BrocaTests.h; sourceTree = "<group>"; };
		B181F067149070A0000298E5 /* BrocaTests.m */ = {isa = PBXFileReference; lastKnownFileType = sourcecode.c.objc; path = BrocaTests.m; sourceTree = "<group>"; };
		B181F0711490711D000298E5 /* PVParser.h */ = {isa = PBXFileReference; fileEncoding = 4; lastKnownFileType = sourcecode.c.h; path = PVParser.h; sourceTree = "<group>"; };
		B181F0721490711D000298E5 /* PVParser.m */ = {isa = PBXFileReference; fileEncoding = 4; lastKnownFileType = sourcecode.c.objc; path = PVParser.m; sourceTree = "<group>"; };
		B181F079149071F8000298E5 /* PVSyntaxNode.h */ = {isa = PBXFileReference; fileEncoding = 4; lastKnownFileType = sourcecode.c.h; path = PVSyntaxNode.h; sourceTree = "<group>"; };
		B181F07A149071F8000298E5 /* PVSyntaxNode.m */ = {isa = PBXFileReference; fileEncoding = 4; lastKnownFileType = sourcecode.c.objc; path = PVSyntaxNode.m; sourceTree = "<group>"; };
		B181F07D149076A3000298E5 /* PVSyntaxNodeTraverser.h */ = {isa = PBXFileReference; fileEncoding = 4; lastKnownFileType = sourcecode.c.h; path = PVSyntaxNodeTraverser.h; sourceTree = "<group>"; };
		B181F07F1490D20D000298E5 /* PVCompiledGrammar.h */ = {isa = PBXFileReference; fileEncoding = 4; lastKnownFileType = sourcecode.c.h; path = PVCompiledGrammar.h; sourceTree = "<group>"; };
		B181F0801490D20D000298E5 /* PVCompiledGrammar.m */ = {isa = PBXFileReference; fileEncoding = 4; lastKnownFileType = sourcecode.c.objc; path = PVCompiledGrammar.m; sourceTree = "<group>"; };
		B181F0851491B529000298E5 /* PVName.h */ = {isa = PBXFileReference; fileEncoding = 4; lastKnownFileType = sourcecode.c.h; name = PVName.h; path = ../PVName.h; sourceTree = "<group>"; };
		B181F0861491B52A000298E5 /* PVName.m */ = {isa = PBXFileReference; fileEncoding = 4; lastKnownFileType = sourcecode.c.objc; name = PVName.m; path = ../PVName.m; sourceTree = "<group>"; };
		B181F0891491B61E000298E5 /* PVRule.h */ = {isa = PBXFileReference; fileEncoding = 4; lastKnownFileType = sourcecode.c.h; path = PVRule.h; sourceTree = "<group>"; };
		B181F08A1491B61E000298E5 /* PVRule.m */ = {isa = PBXFileReference; fileEncoding = 4; lastKnownFileType = sourcecode.c.objc; path = PVRule.m; sourceTree = "<group>"; };
		B181F08D1491B77B000298E5 /* PVCharacter.h */ = {isa = PBXFileReference; fileEncoding = 4; lastKnownFileType = sourcecode.c.h; path = PVCharacter.h; sourceTree = "<group>"; };
		B181F08E1491B77C000298E5 /* PVCharacter.m */ = {isa = PBXFileReference; fileEncoding = 4; lastKnownFileType = sourcecode.c.objc; path = PVCharacter.m; sourceTree = "<group>"; };
		B181F0911491B86F000298E5 /* PVDot.h */ = {isa = PBXFileReference; fileEncoding = 4; lastKnownFileType = sourcecode.c.h; path = PVDot.h; sourceTree = "<group>"; };
		B181F0921491B86F000298E5 /* PVDot.m */ = {isa = PBXFileReference; fileEncoding = 4; lastKnownFileType = sourcecode.c.objc; path = PVDot.m; sourceTree = "<group>"; };
		B181F0951491B893000298E5 /* PVOrderedChoice.h */ = {isa = PBXFileReference; fileEncoding = 4; lastKnownFileType = sourcecode.c.h; path = PVOrderedChoice.h; sourceTree = "<group>"; };
		B181F0961491B894000298E5 /* PVOrderedChoice.m */ = {isa = PBXFileReference; fileEncoding = 4; lastKnownFileType = sourcecode.c.objc; path = PVOrderedChoice.m; sourceTree = "<group>"; };
		B181F0991491B8A8000298E5 /* PVSequence.h */ = {isa = PBXFileReference; fileEncoding = 4; lastKnownFileType = sourcecode.c.h; path = PVSequence.h; sourceTree = "<group>"; };
		B181F09A1491B8A8000298E5 /* PVSequence.m */ = {isa = PBXFileReference; fileEncoding = 4; lastKnownFileType = sourcecode.c.objc; path = PVSequence.m; sourceTree = "<group>"; };
		B181F09D1491B8C2000298E5 /* PVLiteral.h */ = {isa = PBXFileReference; fileEncoding = 4; lastKnownFileType = sourcecode.c.h; path = PVLiteral.h; sourceTree = "<group>"; };
		B181F09E1491B8C3000298E5 /* PVLiteral.m */ = {isa = PBXFileReference; fileEncoding = 4; lastKnownFileType = sourcecode.c.objc; path = PVLiteral.m; sourceTree = "<group>"; };
		B181F0A11491B9C8000298E5 /* PVZeroOrMore.h */ = {isa = PBXFileReference; fileEncoding = 4; lastKnownFileType = sourcecode.c.h; path = PVZeroOrMore.h; sourceTree = "<group>"; };
		B181F0A21491B9C9000298E5 /* PVZeroOrMore.m */ = {isa = PBXFileReference; fileEncoding = 4; lastKnownFileType = sourcecode.c.objc; path = PVZeroOrMore.m; sourceTree = "<group>"; };
		B181F0A51491B9EE000298E5 /* PVOneOrMore.h */ = {isa = PBXFileReference; fileEncoding = 4; lastKnownFileType = sourcecode.c.h; path = PVOneOrMore.h; sourceTree = "<group>"; };
		B181F0A61491B9EF000298E5 /* PVOneOrMore.m */ = {isa = PBXFileReference; fileEncoding = 4; lastKnownFileType = sourcecode.c.objc; path = PVOneOrMore.m; sourceTree = "<group>"; };
		B181F0A91491B9FE000298E5 /* PVOptional.h */ = {isa = PBXFileReference; fileEncoding = 4; lastKnownFileType = sourcecode.c.h; path = PVOptional.h; sourceTree = "<group>"; };
		B181F0AA1491BA03000298E5 /* PVOptional.m */ = {isa = PBXFileReference; fileEncoding = 4; lastKnownFileType = sourcecode.c.objc; path = PVOptional.m; sourceTree = "<group>"; };
/* End PBXFileReference section */

/* Begin PBXFrameworksBuildPhase section */
		B181F03C149070A0000298E5 /* Frameworks */ = {
			isa = PBXFrameworksBuildPhase;
			buildActionMask = 2147483647;
			files = (
				B181F044149070A0000298E5 /* Cocoa.framework in Frameworks */,
			);
			runOnlyForDeploymentPostprocessing = 0;
		};
		B181F054149070A0000298E5 /* Frameworks */ = {
			isa = PBXFrameworksBuildPhase;
			buildActionMask = 2147483647;
			files = (
				B181F05A149070A0000298E5 /* SenTestingKit.framework in Frameworks */,
				B181F05B149070A0000298E5 /* Cocoa.framework in Frameworks */,
				B181F05E149070A0000298E5 /* Broca.framework in Frameworks */,
			);
			runOnlyForDeploymentPostprocessing = 0;
		};
/* End PBXFrameworksBuildPhase section */

/* Begin PBXGroup section */
		B10E36011491BAAD00B277A7 /* Rule Objects */ = {
			isa = PBXGroup;
			children = (
				B181F0891491B61E000298E5 /* PVRule.h */,
				B181F08A1491B61E000298E5 /* PVRule.m */,
				B181F0851491B529000298E5 /* PVName.h */,
				B181F0861491B52A000298E5 /* PVName.m */,
				B181F08D1491B77B000298E5 /* PVCharacter.h */,
				B181F08E1491B77C000298E5 /* PVCharacter.m */,
				B181F0911491B86F000298E5 /* PVDot.h */,
				B181F0921491B86F000298E5 /* PVDot.m */,
				B181F0951491B893000298E5 /* PVOrderedChoice.h */,
				B181F0961491B894000298E5 /* PVOrderedChoice.m */,
				B181F0991491B8A8000298E5 /* PVSequence.h */,
				B181F09A1491B8A8000298E5 /* PVSequence.m */,
				B181F09D1491B8C2000298E5 /* PVLiteral.h */,
				B181F09E1491B8C3000298E5 /* PVLiteral.m */,
				B181F0A11491B9C8000298E5 /* PVZeroOrMore.h */,
				B181F0A21491B9C9000298E5 /* PVZeroOrMore.m */,
				B181F0A51491B9EE000298E5 /* PVOneOrMore.h */,
				B181F0A61491B9EF000298E5 /* PVOneOrMore.m */,
				B181F0A91491B9FE000298E5 /* PVOptional.h */,
				B181F0AA1491BA03000298E5 /* PVOptional.m */,
				B10E36031491BADC00B277A7 /* PVNegativeLookAhead.h */,
				B10E36041491BADC00B277A7 /* PVNegativeLookAhead.m */,
				B10E36071491BAF300B277A7 /* PVPositiveLookAhead.h */,
				B10E36081491BAF300B277A7 /* PVPositiveLookAhead.m */,
				B10E360B1491BB0200B277A7 /* PVErrorName.h */,
				B10E360C1491BB0200B277A7 /* PVErrorName.m */,
				B10E360F1491BB0D00B277A7 /* PVErrorChoice.h */,
				B10E36101491BB0D00B277A7 /* PVErrorChoice.m */,
				B10E36271493E4EA00B277A7 /* PVForward.h */,
				B10E36281493E4EC00B277A7 /* PVForward.m */,
			);
			name = "Rule Objects";
			sourceTree = "<group>";
		};
		B10E36221493B76700B277A7 /* EBNF Parser Bootstrap */ = {
			isa = PBXGroup;
			children = (
				B10E36231493B79D00B277A7 /* PVEBNFParserBootstrap.h */,
				B10E36241493B79D00B277A7 /* PVEBNFParserBootstrap.m */,
			);
			name = "EBNF Parser Bootstrap";
			sourceTree = "<group>";
		};
		B181F034149070A0000298E5 = {
			isa = PBXGroup;
			children = (
				B181F049149070A0000298E5 /* Broca */,
				B181F05F149070A0000298E5 /* BrocaTests */,
				B181F042149070A0000298E5 /* Frameworks */,
				B181F041149070A0000298E5 /* Products */,
			);
			sourceTree = "<group>";
		};
		B181F041149070A0000298E5 /* Products */ = {
			isa = PBXGroup;
			children = (
				B181F040149070A0000298E5 /* Broca.framework */,
				B181F058149070A0000298E5 /* BrocaTests.octest */,
			);
			name = Products;
			sourceTree = "<group>";
		};
		B181F042149070A0000298E5 /* Frameworks */ = {
			isa = PBXGroup;
			children = (
				B181F043149070A0000298E5 /* Cocoa.framework */,
				B181F059149070A0000298E5 /* SenTestingKit.framework */,
				B181F045149070A0000298E5 /* Other Frameworks */,
			);
			name = Frameworks;
			sourceTree = "<group>";
		};
		B181F045149070A0000298E5 /* Other Frameworks */ = {
			isa = PBXGroup;
			children = (
				B181F046149070A0000298E5 /* AppKit.framework */,
				B181F047149070A0000298E5 /* CoreData.framework */,
				B181F048149070A0000298E5 /* Foundation.framework */,
			);
			name = "Other Frameworks";
			sourceTree = "<group>";
		};
		B181F049149070A0000298E5 /* Broca */ = {
			isa = PBXGroup;
			children = (
				B181F050149070A0000298E5 /* Broca.h */,
				B181F051149070A0000298E5 /* Broca.m */,
				B181F04A149070A0000298E5 /* Supporting Files */,
				B181F0711490711D000298E5 /* PVParser.h */,
				B181F0721490711D000298E5 /* PVParser.m */,
				B10E36131491C84D00B277A7 /* PVParserContext.h */,
				B10E36141491C84D00B277A7 /* PVParserContext.m */,
				B10E361A1491CE7600B277A7 /* PVParserContextMemo.h */,
				B10E361B1491CE7600B277A7 /* PVParserContextMemo.m */,
				B181F07F1490D20D000298E5 /* PVCompiledGrammar.h */,
				B181F0801490D20D000298E5 /* PVCompiledGrammar.m */,
				B10E36011491BAAD00B277A7 /* Rule Objects */,
				B181F07D149076A3000298E5 /* PVSyntaxNodeTraverser.h */,
				B181F079149071F8000298E5 /* PVSyntaxNode.h */,
				B181F07A149071F8000298E5 /* PVSyntaxNode.m */,
				B10E36221493B76700B277A7 /* EBNF Parser Bootstrap */,
			);
			path = Broca;
			sourceTree = "<group>";
		};
		B181F04A149070A0000298E5 /* Supporting Files */ = {
			isa = PBXGroup;
			children = (
				B181F04B149070A0000298E5 /* Broca-Info.plist */,
				B181F04C149070A0000298E5 /* InfoPlist.strings */,
				B181F04F149070A0000298E5 /* Broca-Prefix.pch */,
			);
			name = "Supporting Files";
			sourceTree = "<group>";
		};
		B181F05F149070A0000298E5 /* BrocaTests */ = {
			isa = PBXGroup;
			children = (
				B181F065149070A0000298E5 /* BrocaTests.h */,
				B181F067149070A0000298E5 /* BrocaTests.m */,
				B181F060149070A0000298E5 /* Supporting Files */,
			);
			path = BrocaTests;
			sourceTree = "<group>";
		};
		B181F060149070A0000298E5 /* Supporting Files */ = {
			isa = PBXGroup;
			children = (
				B181F061149070A0000298E5 /* BrocaTests-Info.plist */,
				B181F062149070A0000298E5 /* InfoPlist.strings */,
			);
			name = "Supporting Files";
			sourceTree = "<group>";
		};
/* End PBXGroup section */

/* Begin PBXHeadersBuildPhase section */
		B181F03D149070A0000298E5 /* Headers */ = {
			isa = PBXHeadersBuildPhase;
			buildActionMask = 2147483647;
			files = (
				B181F0731490711D000298E5 /* PVParser.h in Headers */,
				B181F07B149071F8000298E5 /* PVSyntaxNode.h in Headers */,
				B181F07E149076A3000298E5 /* PVSyntaxNodeTraverser.h in Headers */,
				B181F0811490D20D000298E5 /* PVCompiledGrammar.h in Headers */,
				B181F0871491B52A000298E5 /* PVName.h in Headers */,
				B181F08B1491B61F000298E5 /* PVRule.h in Headers */,
				B181F08F1491B77C000298E5 /* PVCharacter.h in Headers */,
				B181F0931491B870000298E5 /* PVDot.h in Headers */,
				B181F0971491B895000298E5 /* PVOrderedChoice.h in Headers */,
				B181F09B1491B8A9000298E5 /* PVSequence.h in Headers */,
				B181F09F1491B8C4000298E5 /* PVLiteral.h in Headers */,
				B181F0A31491B9CA000298E5 /* PVZeroOrMore.h in Headers */,
				B181F0A71491B9F0000298E5 /* PVOneOrMore.h in Headers */,
				B181F0AB1491BA0C000298E5 /* PVOptional.h in Headers */,
				B10E36051491BADC00B277A7 /* PVNegativeLookAhead.h in Headers */,
				B10E36091491BAF300B277A7 /* PVPositiveLookAhead.h in Headers */,
				B10E360D1491BB0200B277A7 /* PVErrorName.h in Headers */,
				B10E36111491BB0D00B277A7 /* PVErrorChoice.h in Headers */,
				B10E36151491C84D00B277A7 /* PVParserContext.h in Headers */,
				B10E361C1491CE7600B277A7 /* PVParserContextMemo.h in Headers */,
				B10E36251493B79D00B277A7 /* PVEBNFParserBootstrap.h in Headers */,
				B10E36291493E4F100B277A7 /* PVForward.h in Headers */,
			);
			runOnlyForDeploymentPostprocessing = 0;
		};
/* End PBXHeadersBuildPhase section */

/* Begin PBXNativeTarget section */
		B181F03F149070A0000298E5 /* Broca */ = {
			isa = PBXNativeTarget;
			buildConfigurationList = B181F06B149070A0000298E5 /* Build configuration list for PBXNativeTarget "Broca" */;
			buildPhases = (
				B181F03B149070A0000298E5 /* Sources */,
				B181F03C149070A0000298E5 /* Frameworks */,
				B181F03D149070A0000298E5 /* Headers */,
				B181F03E149070A0000298E5 /* Resources */,
			);
			buildRules = (
			);
			dependencies = (
			);
			name = Broca;
			productName = Broca;
			productReference = B181F040149070A0000298E5 /* Broca.framework */;
			productType = "com.apple.product-type.framework";
		};
		B181F057149070A0000298E5 /* BrocaTests */ = {
			isa = PBXNativeTarget;
			buildConfigurationList = B181F06E149070A0000298E5 /* Build configuration list for PBXNativeTarget "BrocaTests" */;
			buildPhases = (
				B181F053149070A0000298E5 /* Sources */,
				B181F054149070A0000298E5 /* Frameworks */,
				B181F055149070A0000298E5 /* Resources */,
				B181F056149070A0000298E5 /* ShellScript */,
			);
			buildRules = (
			);
			dependencies = (
				B181F05D149070A0000298E5 /* PBXTargetDependency */,
			);
			name = BrocaTests;
			productName = BrocaTests;
			productReference = B181F058149070A0000298E5 /* BrocaTests.octest */;
			productType = "com.apple.product-type.bundle";
		};
/* End PBXNativeTarget section */

/* Begin PBXProject section */
		B181F036149070A0000298E5 /* Project object */ = {
			isa = PBXProject;
			attributes = {
				ORGANIZATIONNAME = "Pixel of View";
			};
			buildConfigurationList = B181F039149070A0000298E5 /* Build configuration list for PBXProject "Broca" */;
			compatibilityVersion = "Xcode 3.2";
			developmentRegion = English;
			hasScannedForEncodings = 0;
			knownRegions = (
				en,
			);
			mainGroup = B181F034149070A0000298E5;
			productRefGroup = B181F041149070A0000298E5 /* Products */;
			projectDirPath = "";
			projectRoot = "";
			targets = (
				B181F03F149070A0000298E5 /* Broca */,
				B181F057149070A0000298E5 /* BrocaTests */,
			);
		};
/* End PBXProject section */

/* Begin PBXResourcesBuildPhase section */
		B181F03E149070A0000298E5 /* Resources */ = {
			isa = PBXResourcesBuildPhase;
			buildActionMask = 2147483647;
			files = (
				B181F04E149070A0000298E5 /* InfoPlist.strings in Resources */,
			);
			runOnlyForDeploymentPostprocessing = 0;
		};
		B181F055149070A0000298E5 /* Resources */ = {
			isa = PBXResourcesBuildPhase;
			buildActionMask = 2147483647;
			files = (
				B181F064149070A0000298E5 /* InfoPlist.strings in Resources */,
				B181F066149070A0000298E5 /* BrocaTests.h in Resources */,
			);
			runOnlyForDeploymentPostprocessing = 0;
		};
/* End PBXResourcesBuildPhase section */

/* Begin PBXShellScriptBuildPhase section */
		B181F056149070A0000298E5 /* ShellScript */ = {
			isa = PBXShellScriptBuildPhase;
			buildActionMask = 2147483647;
			files = (
			);
			inputPaths = (
			);
			outputPaths = (
			);
			runOnlyForDeploymentPostprocessing = 0;
			shellPath = /bin/sh;
			shellScript = "# Run the unit tests in this test bundle.\n\"${SYSTEM_DEVELOPER_DIR}/Tools/RunUnitTests\"\n";
		};
/* End PBXShellScriptBuildPhase section */

/* Begin PBXSourcesBuildPhase section */
		B181F03B149070A0000298E5 /* Sources */ = {
			isa = PBXSourcesBuildPhase;
			buildActionMask = 2147483647;
			files = (
				B181F052149070A0000298E5 /* Broca.m in Sources */,
				B181F0741490711D000298E5 /* PVParser.m in Sources */,
				B181F07C149071F8000298E5 /* PVSyntaxNode.m in Sources */,
				B181F0821490D20D000298E5 /* PVCompiledGrammar.m in Sources */,
				B181F0881491B52A000298E5 /* PVName.m in Sources */,
				B181F08C1491B61F000298E5 /* PVRule.m in Sources */,
				B181F0901491B77C000298E5 /* PVCharacter.m in Sources */,
				B181F0941491B870000298E5 /* PVDot.m in Sources */,
				B181F0981491B895000298E5 /* PVOrderedChoice.m in Sources */,
				B181F09C1491B8A9000298E5 /* PVSequence.m in Sources */,
				B181F0A01491B8C4000298E5 /* PVLiteral.m in Sources */,
				B181F0A41491B9CA000298E5 /* PVZeroOrMore.m in Sources */,
				B181F0A81491B9F0000298E5 /* PVOneOrMore.m in Sources */,
				B181F0AC1491BA0C000298E5 /* PVOptional.m in Sources */,
				B10E36061491BADC00B277A7 /* PVNegativeLookAhead.m in Sources */,
				B10E360A1491BAF300B277A7 /* PVPositiveLookAhead.m in Sources */,
				B10E360E1491BB0200B277A7 /* PVErrorName.m in Sources */,
				B10E36121491BB0D00B277A7 /* PVErrorChoice.m in Sources */,
				B10E36161491C84D00B277A7 /* PVParserContext.m in Sources */,
				B10E361D1491CE7600B277A7 /* PVParserContextMemo.m in Sources */,
				B10E36261493B79D00B277A7 /* PVEBNFParserBootstrap.m in Sources */,
				B10E362A1493E4F100B277A7 /* PVForward.m in Sources */,
			);
			runOnlyForDeploymentPostprocessing = 0;
		};
		B181F053149070A0000298E5 /* Sources */ = {
			isa = PBXSourcesBuildPhase;
			buildActionMask = 2147483647;
			files = (
				B181F068149070A0000298E5 /* BrocaTests.m in Sources */,
			);
			runOnlyForDeploymentPostprocessing = 0;
		};
/* End PBXSourcesBuildPhase section */

/* Begin PBXTargetDependency section */
		B181F05D149070A0000298E5 /* PBXTargetDependency */ = {
			isa = PBXTargetDependency;
			target = B181F03F149070A0000298E5 /* Broca */;
			targetProxy = B181F05C149070A0000298E5 /* PBXContainerItemProxy */;
		};
/* End PBXTargetDependency section */

/* Begin PBXVariantGroup section */
		B181F04C149070A0000298E5 /* InfoPlist.strings */ = {
			isa = PBXVariantGroup;
			children = (
				B181F04D149070A0000298E5 /* en */,
			);
			name = InfoPlist.strings;
			sourceTree = "<group>";
		};
		B181F062149070A0000298E5 /* InfoPlist.strings */ = {
			isa = PBXVariantGroup;
			children = (
				B181F063149070A0000298E5 /* en */,
			);
			name = InfoPlist.strings;
			sourceTree = "<group>";
		};
/* End PBXVariantGroup section */

/* Begin XCBuildConfiguration section */
		B181F069149070A0000298E5 /* Debug */ = {
			isa = XCBuildConfiguration;
			buildSettings = {
				ALWAYS_SEARCH_USER_PATHS = NO;
				ARCHS = "$(ARCHS_STANDARD_64_BIT)";
				COPY_PHASE_STRIP = NO;
				GCC_C_LANGUAGE_STANDARD = gnu99;
				GCC_DYNAMIC_NO_PIC = NO;
				GCC_ENABLE_OBJC_EXCEPTIONS = YES;
				GCC_OPTIMIZATION_LEVEL = 0;
				GCC_PREPROCESSOR_DEFINITIONS = (
					"DEBUG=1",
					"$(inherited)",
				);
				GCC_SYMBOLS_PRIVATE_EXTERN = NO;
				GCC_VERSION = com.apple.compilers.llvm.clang.1_0;
				GCC_WARN_64_TO_32_BIT_CONVERSION = YES;
				GCC_WARN_ABOUT_MISSING_PROTOTYPES = YES;
				GCC_WARN_ABOUT_RETURN_TYPE = YES;
				GCC_WARN_UNUSED_VARIABLE = YES;
				MACOSX_DEPLOYMENT_TARGET = 10.6;
				ONLY_ACTIVE_ARCH = YES;
				SDKROOT = macosx;
			};
			name = Debug;
		};
		B181F06A149070A0000298E5 /* Release */ = {
			isa = XCBuildConfiguration;
			buildSettings = {
				ALWAYS_SEARCH_USER_PATHS = NO;
				ARCHS = "$(ARCHS_STANDARD_64_BIT)";
				COPY_PHASE_STRIP = YES;
				DEBUG_INFORMATION_FORMAT = "dwarf-with-dsym";
				GCC_C_LANGUAGE_STANDARD = gnu99;
				GCC_ENABLE_OBJC_EXCEPTIONS = YES;
				GCC_VERSION = com.apple.compilers.llvm.clang.1_0;
				GCC_WARN_64_TO_32_BIT_CONVERSION = YES;
				GCC_WARN_ABOUT_MISSING_PROTOTYPES = YES;
				GCC_WARN_ABOUT_RETURN_TYPE = YES;
				GCC_WARN_UNUSED_VARIABLE = YES;
				MACOSX_DEPLOYMENT_TARGET = 10.6;
				SDKROOT = macosx;
			};
			name = Release;
		};
		B181F06C149070A0000298E5 /* Debug */ = {
			isa = XCBuildConfiguration;
			buildSettings = {
				DYLIB_COMPATIBILITY_VERSION = 1;
				DYLIB_CURRENT_VERSION = 1;
				FRAMEWORK_VERSION = A;
				GCC_PRECOMPILE_PREFIX_HEADER = YES;
				GCC_PREFIX_HEADER = "Broca/Broca-Prefix.pch";
				INFOPLIST_FILE = "Broca/Broca-Info.plist";
				PRODUCT_NAME = "$(TARGET_NAME)";
				WRAPPER_EXTENSION = framework;
			};
			name = Debug;
		};
		B181F06D149070A0000298E5 /* Release */ = {
			isa = XCBuildConfiguration;
			buildSettings = {
				DYLIB_COMPATIBILITY_VERSION = 1;
				DYLIB_CURRENT_VERSION = 1;
				FRAMEWORK_VERSION = A;
				GCC_PRECOMPILE_PREFIX_HEADER = YES;
				GCC_PREFIX_HEADER = "Broca/Broca-Prefix.pch";
				INFOPLIST_FILE = "Broca/Broca-Info.plist";
				PRODUCT_NAME = "$(TARGET_NAME)";
				WRAPPER_EXTENSION = framework;
			};
			name = Release;
		};
		B181F06F149070A0000298E5 /* Debug */ = {
			isa = XCBuildConfiguration;
			buildSettings = {
				FRAMEWORK_SEARCH_PATHS = "$(DEVELOPER_LIBRARY_DIR)/Frameworks";
				GCC_PRECOMPILE_PREFIX_HEADER = YES;
				GCC_PREFIX_HEADER = "Broca/Broca-Prefix.pch";
				INFOPLIST_FILE = "BrocaTests/BrocaTests-Info.plist";
				PRODUCT_NAME = "$(TARGET_NAME)";
				WRAPPER_EXTENSION = octest;
			};
			name = Debug;
		};
		B181F070149070A0000298E5 /* Release */ = {
			isa = XCBuildConfiguration;
			buildSettings = {
				FRAMEWORK_SEARCH_PATHS = "$(DEVELOPER_LIBRARY_DIR)/Frameworks";
				GCC_PRECOMPILE_PREFIX_HEADER = YES;
				GCC_PREFIX_HEADER = "Broca/Broca-Prefix.pch";
				INFOPLIST_FILE = "BrocaTests/BrocaTests-Info.plist";
				PRODUCT_NAME = "$(TARGET_NAME)";
				WRAPPER_EXTENSION = octest;
			};
			name = Release;
		};
/* End XCBuildConfiguration section */

/* Begin XCConfigurationList section */
		B181F039149070A0000298E5 /* Build configuration list for PBXProject "Broca" */ = {
			isa = XCConfigurationList;
			buildConfigurations = (
				B181F069149070A0000298E5 /* Debug */,
				B181F06A149070A0000298E5 /* Release */,
			);
			defaultConfigurationIsVisible = 0;
			defaultConfigurationName = Release;
		};
		B181F06B149070A0000298E5 /* Build configuration list for PBXNativeTarget "Broca" */ = {
			isa = XCConfigurationList;
			buildConfigurations = (
				B181F06C149070A0000298E5 /* Debug */,
				B181F06D149070A0000298E5 /* Release */,
			);
			defaultConfigurationIsVisible = 0;
			defaultConfigurationName = Release;
		};
		B181F06E149070A0000298E5 /* Build configuration list for PBXNativeTarget "BrocaTests" */ = {
			isa = XCConfigurationList;
			buildConfigurations = (
				B181F06F149070A0000298E5 /* Debug */,
				B181F070149070A0000298E5 /* Release */,
			);
			defaultConfigurationIsVisible = 0;
			defaultConfigurationName = Release;
		};
/* End XCConfigurationList section */
	};
	rootObject = B181F036149070A0000298E5 /* Project object */;
}
