// !$*UTF8*$!
{
	archiveVersion = 1;
	classes = {
	};
	objectVersion = 46;
	objects = {

/* Begin PBXBuildFile section */
		B136B49A17DD96BA00FFA946 /* PVJSONParser.h in Headers */ = {isa = PBXBuildFile; fileRef = B136B49717DD96BA00FFA946 /* PVJSONParser.h */; settings = {ATTRIBUTES = (Public, ); }; };
		B136B49D17DD96BA00FFA946 /* PVJSONParser.m in Sources */ = {isa = PBXBuildFile; fileRef = B136B49817DD96BA00FFA946 /* PVJSONParser.m */; };
		B136B4A217DDA0A100FFA946 /* PVRegex.h in Headers */ = {isa = PBXBuildFile; fileRef = B136B49F17DDA0A100FFA946 /* PVRegex.h */; settings = {ATTRIBUTES = (Public, ); }; };
		B136B4A517DDA0A100FFA946 /* PVRegex.m in Sources */ = {isa = PBXBuildFile; fileRef = B136B4A017DDA0A100FFA946 /* PVRegex.m */; };
		B196D724149506510002DEF0 /* Foundation.framework in Frameworks */ = {isa = PBXBuildFile; fileRef = B196D723149506510002DEF0 /* Foundation.framework */; };
		B196D72A149506510002DEF0 /* libBroca.m in Sources */ = {isa = PBXBuildFile; fileRef = B196D729149506510002DEF0 /* libBroca.m */; };
		B196D74C149506870002DEF0 /* PVParser.m in Sources */ = {isa = PBXBuildFile; fileRef = B181F0721490711D000298E5 /* PVParser.m */; };
		B196D74D149506870002DEF0 /* PVParserContext.m in Sources */ = {isa = PBXBuildFile; fileRef = B10E36141491C84D00B277A7 /* PVParserContext.m */; };
		B196D74E149506870002DEF0 /* PVParserContextMemo.m in Sources */ = {isa = PBXBuildFile; fileRef = B10E361B1491CE7600B277A7 /* PVParserContextMemo.m */; };
		B196D750149506870002DEF0 /* PVRule.m in Sources */ = {isa = PBXBuildFile; fileRef = B181F08A1491B61E000298E5 /* PVRule.m */; };
		B196D752149506870002DEF0 /* PVCharacter.m in Sources */ = {isa = PBXBuildFile; fileRef = B181F08E1491B77C000298E5 /* PVCharacter.m */; };
		B196D753149506870002DEF0 /* PVDot.m in Sources */ = {isa = PBXBuildFile; fileRef = B181F0921491B86F000298E5 /* PVDot.m */; };
		B196D754149506870002DEF0 /* PVOrderedChoice.m in Sources */ = {isa = PBXBuildFile; fileRef = B181F0961491B894000298E5 /* PVOrderedChoice.m */; };
		B196D755149506870002DEF0 /* PVSequence.m in Sources */ = {isa = PBXBuildFile; fileRef = B181F09A1491B8A8000298E5 /* PVSequence.m */; };
		B196D756149506870002DEF0 /* PVLiteral.m in Sources */ = {isa = PBXBuildFile; fileRef = B181F09E1491B8C3000298E5 /* PVLiteral.m */; };
		B196D757149506870002DEF0 /* PVZeroOrMore.m in Sources */ = {isa = PBXBuildFile; fileRef = B181F0A21491B9C9000298E5 /* PVZeroOrMore.m */; };
		B196D758149506870002DEF0 /* PVOneOrMore.m in Sources */ = {isa = PBXBuildFile; fileRef = B181F0A61491B9EF000298E5 /* PVOneOrMore.m */; };
		B196D759149506870002DEF0 /* PVOptional.m in Sources */ = {isa = PBXBuildFile; fileRef = B181F0AA1491BA03000298E5 /* PVOptional.m */; };
		B196D75A149506870002DEF0 /* PVNegativeLookAhead.m in Sources */ = {isa = PBXBuildFile; fileRef = B10E36041491BADC00B277A7 /* PVNegativeLookAhead.m */; };
		B196D75B149506870002DEF0 /* PVPositiveLookAhead.m in Sources */ = {isa = PBXBuildFile; fileRef = B10E36081491BAF300B277A7 /* PVPositiveLookAhead.m */; };
		B196D75D149506870002DEF0 /* PVErrorChoice.m in Sources */ = {isa = PBXBuildFile; fileRef = B10E36101491BB0D00B277A7 /* PVErrorChoice.m */; };
		B196D75E149506870002DEF0 /* PVForward.m in Sources */ = {isa = PBXBuildFile; fileRef = B10E36281493E4EC00B277A7 /* PVForward.m */; };
		B196D75F149506870002DEF0 /* PVSyntaxNode.m in Sources */ = {isa = PBXBuildFile; fileRef = B181F07A149071F8000298E5 /* PVSyntaxNode.m */; };
		B196D760149506870002DEF0 /* PVEBNFParserBootstrap.m in Sources */ = {isa = PBXBuildFile; fileRef = B10E36241493B79D00B277A7 /* PVEBNFParserBootstrap.m */; };
		B196D761149506D60002DEF0 /* Broca.h in Headers */ = {isa = PBXBuildFile; fileRef = B181F050149070A0000298E5 /* Broca.h */; settings = {ATTRIBUTES = (Public, ); }; };
		B196D762149506D60002DEF0 /* PVParser.h in Headers */ = {isa = PBXBuildFile; fileRef = B181F0711490711D000298E5 /* PVParser.h */; settings = {ATTRIBUTES = (Public, ); }; };
		B196D763149506D60002DEF0 /* PVParserContext.h in Headers */ = {isa = PBXBuildFile; fileRef = B10E36131491C84D00B277A7 /* PVParserContext.h */; settings = {ATTRIBUTES = (Public, ); }; };
		B196D764149506D60002DEF0 /* PVParserContextMemo.h in Headers */ = {isa = PBXBuildFile; fileRef = B10E361A1491CE7600B277A7 /* PVParserContextMemo.h */; settings = {ATTRIBUTES = (Public, ); }; };
		B196D765149506D60002DEF0 /* PVCompiledGrammar.h in Headers */ = {isa = PBXBuildFile; fileRef = B181F07F1490D20D000298E5 /* PVCompiledGrammar.h */; settings = {ATTRIBUTES = (Public, ); }; };
		B196D766149506D60002DEF0 /* PVRule.h in Headers */ = {isa = PBXBuildFile; fileRef = B181F0891491B61E000298E5 /* PVRule.h */; settings = {ATTRIBUTES = (Public, ); }; };
		B196D768149506D60002DEF0 /* PVCharacter.h in Headers */ = {isa = PBXBuildFile; fileRef = B181F08D1491B77B000298E5 /* PVCharacter.h */; settings = {ATTRIBUTES = (Public, ); }; };
		B196D769149506D60002DEF0 /* PVDot.h in Headers */ = {isa = PBXBuildFile; fileRef = B181F0911491B86F000298E5 /* PVDot.h */; settings = {ATTRIBUTES = (Public, ); }; };
		B196D76A149506D60002DEF0 /* PVOrderedChoice.h in Headers */ = {isa = PBXBuildFile; fileRef = B181F0951491B893000298E5 /* PVOrderedChoice.h */; settings = {ATTRIBUTES = (Public, ); }; };
		B196D76B149506D60002DEF0 /* PVSequence.h in Headers */ = {isa = PBXBuildFile; fileRef = B181F0991491B8A8000298E5 /* PVSequence.h */; settings = {ATTRIBUTES = (Public, ); }; };
		B196D76C149506D60002DEF0 /* PVLiteral.h in Headers */ = {isa = PBXBuildFile; fileRef = B181F09D1491B8C2000298E5 /* PVLiteral.h */; settings = {ATTRIBUTES = (Public, ); }; };
		B196D76D149506D60002DEF0 /* PVZeroOrMore.h in Headers */ = {isa = PBXBuildFile; fileRef = B181F0A11491B9C8000298E5 /* PVZeroOrMore.h */; settings = {ATTRIBUTES = (Public, ); }; };
		B196D76E149506D60002DEF0 /* PVOneOrMore.h in Headers */ = {isa = PBXBuildFile; fileRef = B181F0A51491B9EE000298E5 /* PVOneOrMore.h */; settings = {ATTRIBUTES = (Public, ); }; };
		B196D76F149506D60002DEF0 /* PVOptional.h in Headers */ = {isa = PBXBuildFile; fileRef = B181F0A91491B9FE000298E5 /* PVOptional.h */; settings = {ATTRIBUTES = (Public, ); }; };
		B196D770149506D60002DEF0 /* PVNegativeLookAhead.h in Headers */ = {isa = PBXBuildFile; fileRef = B10E36031491BADC00B277A7 /* PVNegativeLookAhead.h */; settings = {ATTRIBUTES = (Public, ); }; };
		B196D771149506D60002DEF0 /* PVPositiveLookAhead.h in Headers */ = {isa = PBXBuildFile; fileRef = B10E36071491BAF300B277A7 /* PVPositiveLookAhead.h */; settings = {ATTRIBUTES = (Public, ); }; };
		B196D773149506D60002DEF0 /* PVErrorChoice.h in Headers */ = {isa = PBXBuildFile; fileRef = B10E360F1491BB0D00B277A7 /* PVErrorChoice.h */; settings = {ATTRIBUTES = (Public, ); }; };
		B196D774149506D60002DEF0 /* PVForward.h in Headers */ = {isa = PBXBuildFile; fileRef = B10E36271493E4EA00B277A7 /* PVForward.h */; settings = {ATTRIBUTES = (Public, ); }; };
		B196D775149506D60002DEF0 /* PVSyntaxNodeTraverser.h in Headers */ = {isa = PBXBuildFile; fileRef = B181F07D149076A3000298E5 /* PVSyntaxNodeTraverser.h */; settings = {ATTRIBUTES = (Public, ); }; };
		B196D776149506D60002DEF0 /* PVSyntaxNode.h in Headers */ = {isa = PBXBuildFile; fileRef = B181F079149071F8000298E5 /* PVSyntaxNode.h */; settings = {ATTRIBUTES = (Public, ); }; };
		B196D777149506D60002DEF0 /* PVEBNFParserBootstrap.h in Headers */ = {isa = PBXBuildFile; fileRef = B10E36231493B79D00B277A7 /* PVEBNFParserBootstrap.h */; settings = {ATTRIBUTES = (Public, ); }; };
		B196D78F14956ACE0002DEF0 /* PVCompiledGrammar.m in Sources */ = {isa = PBXBuildFile; fileRef = B196D78D14956ACE0002DEF0 /* PVCompiledGrammar.m */; };
		B196D793149588EE0002DEF0 /* PVIgnore.h in Headers */ = {isa = PBXBuildFile; fileRef = B196D790149588EE0002DEF0 /* PVIgnore.h */; settings = {ATTRIBUTES = (Public, ); }; };
		B196D79814958A3F0002DEF0 /* PVIgnore.m in Sources */ = {isa = PBXBuildFile; fileRef = B196D79614958A3F0002DEF0 /* PVIgnore.m */; };
		B1C189CA17DFA7FD005239BC /* Cocoa.framework in Frameworks */ = {isa = PBXBuildFile; fileRef = B181F043149070A0000298E5 /* Cocoa.framework */; };
		B1C189D017DFA7FD005239BC /* InfoPlist.strings in Resources */ = {isa = PBXBuildFile; fileRef = B1C189CE17DFA7FD005239BC /* InfoPlist.strings */; };
		B1C189D417DFA7FD005239BC /* Broca.m in Sources */ = {isa = PBXBuildFile; fileRef = B1C189D317DFA7FD005239BC /* Broca.m */; };
		B1C189DB17DFA7FD005239BC /* SenTestingKit.framework in Frameworks */ = {isa = PBXBuildFile; fileRef = B181F059149070A0000298E5 /* SenTestingKit.framework */; };
		B1C189DC17DFA7FD005239BC /* Cocoa.framework in Frameworks */ = {isa = PBXBuildFile; fileRef = B181F043149070A0000298E5 /* Cocoa.framework */; };
		B1C189DF17DFA7FD005239BC /* Broca.framework in Frameworks */ = {isa = PBXBuildFile; fileRef = B1C189C917DFA7FD005239BC /* Broca.framework */; };
		B1C189E517DFA7FE005239BC /* InfoPlist.strings in Resources */ = {isa = PBXBuildFile; fileRef = B1C189E317DFA7FE005239BC /* InfoPlist.strings */; };
		B1C189E817DFA7FE005239BC /* BrocaTests.m in Sources */ = {isa = PBXBuildFile; fileRef = B1C189E717DFA7FE005239BC /* BrocaTests.m */; };
		B1C189EF17DFADB2005239BC /* PVJSONParser.m in Sources */ = {isa = PBXBuildFile; fileRef = B136B49817DD96BA00FFA946 /* PVJSONParser.m */; };
		B1C189F017DFADB2005239BC /* PVCompiledGrammar.m in Sources */ = {isa = PBXBuildFile; fileRef = B196D78D14956ACE0002DEF0 /* PVCompiledGrammar.m */; };
		B1C189F117DFADB2005239BC /* PVParser.m in Sources */ = {isa = PBXBuildFile; fileRef = B181F0721490711D000298E5 /* PVParser.m */; };
		B1C189F217DFADB2005239BC /* PVParserContext.m in Sources */ = {isa = PBXBuildFile; fileRef = B10E36141491C84D00B277A7 /* PVParserContext.m */; };
		B1C189F317DFADB2005239BC /* PVParserContextMemo.m in Sources */ = {isa = PBXBuildFile; fileRef = B10E361B1491CE7600B277A7 /* PVParserContextMemo.m */; };
		B1C189F417DFADB2005239BC /* PVRule.m in Sources */ = {isa = PBXBuildFile; fileRef = B181F08A1491B61E000298E5 /* PVRule.m */; };
		B1C189F517DFADB2005239BC /* PVCharacter.m in Sources */ = {isa = PBXBuildFile; fileRef = B181F08E1491B77C000298E5 /* PVCharacter.m */; };
		B1C189F617DFADB2005239BC /* PVRegex.m in Sources */ = {isa = PBXBuildFile; fileRef = B136B4A017DDA0A100FFA946 /* PVRegex.m */; };
		B1C189F717DFADB2005239BC /* PVDot.m in Sources */ = {isa = PBXBuildFile; fileRef = B181F0921491B86F000298E5 /* PVDot.m */; };
		B1C189F817DFADB2005239BC /* PVForward.m in Sources */ = {isa = PBXBuildFile; fileRef = B10E36281493E4EC00B277A7 /* PVForward.m */; };
		B1C189F917DFADB2005239BC /* PVIgnore.m in Sources */ = {isa = PBXBuildFile; fileRef = B196D79614958A3F0002DEF0 /* PVIgnore.m */; };
		B1C189FA17DFADB2005239BC /* PVLiteral.m in Sources */ = {isa = PBXBuildFile; fileRef = B181F09E1491B8C3000298E5 /* PVLiteral.m */; };
		B1C189FB17DFADB2005239BC /* PVOrderedChoice.m in Sources */ = {isa = PBXBuildFile; fileRef = B181F0961491B894000298E5 /* PVOrderedChoice.m */; };
		B1C189FC17DFADB2005239BC /* PVOneOrMore.m in Sources */ = {isa = PBXBuildFile; fileRef = B181F0A61491B9EF000298E5 /* PVOneOrMore.m */; };
		B1C189FD17DFADB2005239BC /* PVOptional.m in Sources */ = {isa = PBXBuildFile; fileRef = B181F0AA1491BA03000298E5 /* PVOptional.m */; };
		B1C189FF17DFADB2005239BC /* PVNegativeLookAhead.m in Sources */ = {isa = PBXBuildFile; fileRef = B10E36041491BADC00B277A7 /* PVNegativeLookAhead.m */; };
		B1C18A0017DFADB2005239BC /* PVPositiveLookAhead.m in Sources */ = {isa = PBXBuildFile; fileRef = B10E36081491BAF300B277A7 /* PVPositiveLookAhead.m */; };
		B1C18A0117DFADB2005239BC /* PVSequence.m in Sources */ = {isa = PBXBuildFile; fileRef = B181F09A1491B8A8000298E5 /* PVSequence.m */; };
		B1C18A0317DFADB2005239BC /* PVErrorChoice.m in Sources */ = {isa = PBXBuildFile; fileRef = B10E36101491BB0D00B277A7 /* PVErrorChoice.m */; };
		B1C18A0417DFADB2005239BC /* PVZeroOrMore.m in Sources */ = {isa = PBXBuildFile; fileRef = B181F0A21491B9C9000298E5 /* PVZeroOrMore.m */; };
		B1C18A0517DFADB2005239BC /* PVSyntaxNode.m in Sources */ = {isa = PBXBuildFile; fileRef = B181F07A149071F8000298E5 /* PVSyntaxNode.m */; };
		B1C18A0617DFADB2005239BC /* PVEBNFParserBootstrap.m in Sources */ = {isa = PBXBuildFile; fileRef = B10E36241493B79D00B277A7 /* PVEBNFParserBootstrap.m */; };
		B1C18A0B17E00E3A005239BC /* PVRuleSet.h in Headers */ = {isa = PBXBuildFile; fileRef = B1C18A0917E00E38005239BC /* PVRuleSet.h */; };
		B1C18A0C17E00E3A005239BC /* PVRuleSet.h in Headers */ = {isa = PBXBuildFile; fileRef = B1C18A0917E00E38005239BC /* PVRuleSet.h */; };
		B1C18A0D17E00E3A005239BC /* PVRuleSet.m in Sources */ = {isa = PBXBuildFile; fileRef = B1C18A0A17E00E39005239BC /* PVRuleSet.m */; };
		B1C18A0E17E00E3A005239BC /* PVRuleSet.m in Sources */ = {isa = PBXBuildFile; fileRef = B1C18A0A17E00E39005239BC /* PVRuleSet.m */; };
/* End PBXBuildFile section */

/* Begin PBXContainerItemProxy section */
		B1C189DD17DFA7FD005239BC /* PBXContainerItemProxy */ = {
			isa = PBXContainerItemProxy;
			containerPortal = B181F036149070A0000298E5 /* Project object */;
			proxyType = 1;
			remoteGlobalIDString = B1C189C817DFA7FD005239BC;
			remoteInfo = Broca;
		};
/* End PBXContainerItemProxy section */

/* Begin PBXFileReference section */
		B10E36031491BADC00B277A7 /* PVNegativeLookAhead.h */ = {isa = PBXFileReference; fileEncoding = 4; lastKnownFileType = sourcecode.c.h; path = PVNegativeLookAhead.h; sourceTree = "<group>"; };
		B10E36041491BADC00B277A7 /* PVNegativeLookAhead.m */ = {isa = PBXFileReference; fileEncoding = 4; lastKnownFileType = sourcecode.c.objc; path = PVNegativeLookAhead.m; sourceTree = "<group>"; };
		B10E36071491BAF300B277A7 /* PVPositiveLookAhead.h */ = {isa = PBXFileReference; fileEncoding = 4; lastKnownFileType = sourcecode.c.h; path = PVPositiveLookAhead.h; sourceTree = "<group>"; };
		B10E36081491BAF300B277A7 /* PVPositiveLookAhead.m */ = {isa = PBXFileReference; fileEncoding = 4; lastKnownFileType = sourcecode.c.objc; path = PVPositiveLookAhead.m; sourceTree = "<group>"; };
		B10E360F1491BB0D00B277A7 /* PVErrorChoice.h */ = {isa = PBXFileReference; fileEncoding = 4; lastKnownFileType = sourcecode.c.h; path = PVErrorChoice.h; sourceTree = "<group>"; };
		B10E36101491BB0D00B277A7 /* PVErrorChoice.m */ = {isa = PBXFileReference; fileEncoding = 4; lastKnownFileType = sourcecode.c.objc; path = PVErrorChoice.m; sourceTree = "<group>"; };
		B10E36131491C84D00B277A7 /* PVParserContext.h */ = {isa = PBXFileReference; fileEncoding = 4; lastKnownFileType = sourcecode.c.h; path = PVParserContext.h; sourceTree = "<group>"; };
		B10E36141491C84D00B277A7 /* PVParserContext.m */ = {isa = PBXFileReference; fileEncoding = 4; lastKnownFileType = sourcecode.c.objc; path = PVParserContext.m; sourceTree = "<group>"; };
		B10E361A1491CE7600B277A7 /* PVParserContextMemo.h */ = {isa = PBXFileReference; fileEncoding = 4; lastKnownFileType = sourcecode.c.h; path = PVParserContextMemo.h; sourceTree = "<group>"; };
		B10E361B1491CE7600B277A7 /* PVParserContextMemo.m */ = {isa = PBXFileReference; fileEncoding = 4; lastKnownFileType = sourcecode.c.objc; path = PVParserContextMemo.m; sourceTree = "<group>"; };
		B10E36231493B79D00B277A7 /* PVEBNFParserBootstrap.h */ = {isa = PBXFileReference; fileEncoding = 4; lastKnownFileType = sourcecode.c.h; name = PVEBNFParserBootstrap.h; path = ../includes/PVEBNFParserBootstrap.h; sourceTree = "<group>"; };
		B10E36241493B79D00B277A7 /* PVEBNFParserBootstrap.m */ = {isa = PBXFileReference; fileEncoding = 4; lastKnownFileType = sourcecode.c.objc; path = PVEBNFParserBootstrap.m; sourceTree = "<group>"; };
		B10E36271493E4EA00B277A7 /* PVForward.h */ = {isa = PBXFileReference; fileEncoding = 4; lastKnownFileType = sourcecode.c.h; path = PVForward.h; sourceTree = "<group>"; };
		B10E36281493E4EC00B277A7 /* PVForward.m */ = {isa = PBXFileReference; fileEncoding = 4; lastKnownFileType = sourcecode.c.objc; path = PVForward.m; sourceTree = "<group>"; };
		B136B49717DD96BA00FFA946 /* PVJSONParser.h */ = {isa = PBXFileReference; fileEncoding = 4; lastKnownFileType = sourcecode.c.h; path = PVJSONParser.h; sourceTree = "<group>"; };
		B136B49817DD96BA00FFA946 /* PVJSONParser.m */ = {isa = PBXFileReference; fileEncoding = 4; lastKnownFileType = sourcecode.c.objc; path = PVJSONParser.m; sourceTree = "<group>"; };
		B136B49F17DDA0A100FFA946 /* PVRegex.h */ = {isa = PBXFileReference; fileEncoding = 4; lastKnownFileType = sourcecode.c.h; name = PVRegex.h; path = ../Broca/PVRegex.h; sourceTree = "<group>"; };
		B136B4A017DDA0A100FFA946 /* PVRegex.m */ = {isa = PBXFileReference; fileEncoding = 4; lastKnownFileType = sourcecode.c.objc; path = PVRegex.m; sourceTree = "<group>"; };
		B1512B8A149B0AEF002D2909 /* Broca-Info.plist */ = {isa = PBXFileReference; lastKnownFileType = text.plist.xml; name = "Broca-Info.plist"; path = "/Users/tiagorezende/Projects/Broca/Broca-Info.plist"; sourceTree = "<absolute>"; };
		B1512B95149B0BE3002D2909 /* CoreFoundation.framework */ = {isa = PBXFileReference; lastKnownFileType = wrapper.framework; name = CoreFoundation.framework; path = System/Library/Frameworks/CoreFoundation.framework; sourceTree = SDKROOT; };
		B1512B99149B0BE3002D2909 /* Broca_iOS-Info.plist */ = {isa = PBXFileReference; lastKnownFileType = text.plist.xml; path = "Broca_iOS-Info.plist"; sourceTree = "<group>"; };
		B1512B9B149B0BE3002D2909 /* en */ = {isa = PBXFileReference; lastKnownFileType = text.plist.strings; name = en; path = en.lproj/InfoPlist.strings; sourceTree = "<group>"; };
		B1512B9D149B0BE3002D2909 /* Broca_iOS-Prefix.pch */ = {isa = PBXFileReference; lastKnownFileType = sourcecode.c.h; path = "Broca_iOS-Prefix.pch"; sourceTree = "<group>"; };
		B181F043149070A0000298E5 /* Cocoa.framework */ = {isa = PBXFileReference; lastKnownFileType = wrapper.framework; name = Cocoa.framework; path = System/Library/Frameworks/Cocoa.framework; sourceTree = SDKROOT; };
		B181F046149070A0000298E5 /* AppKit.framework */ = {isa = PBXFileReference; lastKnownFileType = wrapper.framework; name = AppKit.framework; path = System/Library/Frameworks/AppKit.framework; sourceTree = SDKROOT; };
		B181F047149070A0000298E5 /* CoreData.framework */ = {isa = PBXFileReference; lastKnownFileType = wrapper.framework; name = CoreData.framework; path = System/Library/Frameworks/CoreData.framework; sourceTree = SDKROOT; };
		B181F048149070A0000298E5 /* Foundation.framework */ = {isa = PBXFileReference; lastKnownFileType = wrapper.framework; name = Foundation.framework; path = System/Library/Frameworks/Foundation.framework; sourceTree = SDKROOT; };
		B181F04B149070A0000298E5 /* Broca-Info.plist */ = {isa = PBXFileReference; lastKnownFileType = text.plist.xml; path = "Broca-Info.plist"; sourceTree = "<group>"; };
		B181F04D149070A0000298E5 /* en */ = {isa = PBXFileReference; lastKnownFileType = text.plist.strings; name = en; path = en.lproj/InfoPlist.strings; sourceTree = "<group>"; };
		B181F04F149070A0000298E5 /* Broca-Prefix.pch */ = {isa = PBXFileReference; lastKnownFileType = sourcecode.c.h; path = "Broca-Prefix.pch"; sourceTree = "<group>"; };
		B181F050149070A0000298E5 /* Broca.h */ = {isa = PBXFileReference; lastKnownFileType = sourcecode.c.h; path = Broca.h; sourceTree = "<group>"; };
		B181F051149070A0000298E5 /* Broca.m */ = {isa = PBXFileReference; lastKnownFileType = sourcecode.c.objc; path = Broca.m; sourceTree = "<group>"; };
		B181F059149070A0000298E5 /* SenTestingKit.framework */ = {isa = PBXFileReference; lastKnownFileType = wrapper.framework; name = SenTestingKit.framework; path = Library/Frameworks/SenTestingKit.framework; sourceTree = DEVELOPER_DIR; };
		B181F061149070A0000298E5 /* BrocaTests-Info.plist */ = {isa = PBXFileReference; lastKnownFileType = text.plist.xml; path = "BrocaTests-Info.plist"; sourceTree = "<group>"; };
		B181F063149070A0000298E5 /* en */ = {isa = PBXFileReference; lastKnownFileType = text.plist.strings; name = en; path = en.lproj/InfoPlist.strings; sourceTree = "<group>"; };
		B181F065149070A0000298E5 /* BrocaTests.h */ = {isa = PBXFileReference; lastKnownFileType = sourcecode.c.h; path = BrocaTests.h; sourceTree = "<group>"; };
		B181F067149070A0000298E5 /* BrocaTests.m */ = {isa = PBXFileReference; lastKnownFileType = sourcecode.c.objc; path = BrocaTests.m; sourceTree = "<group>"; };
		B181F0711490711D000298E5 /* PVParser.h */ = {isa = PBXFileReference; fileEncoding = 4; lastKnownFileType = sourcecode.c.h; path = PVParser.h; sourceTree = "<group>"; };
		B181F0721490711D000298E5 /* PVParser.m */ = {isa = PBXFileReference; fileEncoding = 4; lastKnownFileType = sourcecode.c.objc; path = PVParser.m; sourceTree = "<group>"; };
		B181F079149071F8000298E5 /* PVSyntaxNode.h */ = {isa = PBXFileReference; fileEncoding = 4; lastKnownFileType = sourcecode.c.h; path = PVSyntaxNode.h; sourceTree = "<group>"; };
		B181F07A149071F8000298E5 /* PVSyntaxNode.m */ = {isa = PBXFileReference; fileEncoding = 4; lastKnownFileType = sourcecode.c.objc; path = PVSyntaxNode.m; sourceTree = "<group>"; };
		B181F07D149076A3000298E5 /* PVSyntaxNodeTraverser.h */ = {isa = PBXFileReference; fileEncoding = 4; lastKnownFileType = sourcecode.c.h; path = PVSyntaxNodeTraverser.h; sourceTree = "<group>"; };
		B181F07F1490D20D000298E5 /* PVCompiledGrammar.h */ = {isa = PBXFileReference; fileEncoding = 4; lastKnownFileType = sourcecode.c.h; path = PVCompiledGrammar.h; sourceTree = "<group>"; };
		B181F0891491B61E000298E5 /* PVRule.h */ = {isa = PBXFileReference; fileEncoding = 4; lastKnownFileType = sourcecode.c.h; path = PVRule.h; sourceTree = "<group>"; };
		B181F08A1491B61E000298E5 /* PVRule.m */ = {isa = PBXFileReference; fileEncoding = 4; lastKnownFileType = sourcecode.c.objc; path = PVRule.m; sourceTree = "<group>"; };
		B181F08D1491B77B000298E5 /* PVCharacter.h */ = {isa = PBXFileReference; fileEncoding = 4; lastKnownFileType = sourcecode.c.h; path = PVCharacter.h; sourceTree = "<group>"; };
		B181F08E1491B77C000298E5 /* PVCharacter.m */ = {isa = PBXFileReference; fileEncoding = 4; lastKnownFileType = sourcecode.c.objc; path = PVCharacter.m; sourceTree = "<group>"; };
		B181F0911491B86F000298E5 /* PVDot.h */ = {isa = PBXFileReference; fileEncoding = 4; lastKnownFileType = sourcecode.c.h; path = PVDot.h; sourceTree = "<group>"; };
		B181F0921491B86F000298E5 /* PVDot.m */ = {isa = PBXFileReference; fileEncoding = 4; lastKnownFileType = sourcecode.c.objc; path = PVDot.m; sourceTree = "<group>"; };
		B181F0951491B893000298E5 /* PVOrderedChoice.h */ = {isa = PBXFileReference; fileEncoding = 4; lastKnownFileType = sourcecode.c.h; path = PVOrderedChoice.h; sourceTree = "<group>"; };
		B181F0961491B894000298E5 /* PVOrderedChoice.m */ = {isa = PBXFileReference; fileEncoding = 4; lastKnownFileType = sourcecode.c.objc; path = PVOrderedChoice.m; sourceTree = "<group>"; };
		B181F0991491B8A8000298E5 /* PVSequence.h */ = {isa = PBXFileReference; fileEncoding = 4; lastKnownFileType = sourcecode.c.h; path = PVSequence.h; sourceTree = "<group>"; };
		B181F09A1491B8A8000298E5 /* PVSequence.m */ = {isa = PBXFileReference; fileEncoding = 4; lastKnownFileType = sourcecode.c.objc; path = PVSequence.m; sourceTree = "<group>"; };
		B181F09D1491B8C2000298E5 /* PVLiteral.h */ = {isa = PBXFileReference; fileEncoding = 4; lastKnownFileType = sourcecode.c.h; path = PVLiteral.h; sourceTree = "<group>"; };
		B181F09E1491B8C3000298E5 /* PVLiteral.m */ = {isa = PBXFileReference; fileEncoding = 4; lastKnownFileType = sourcecode.c.objc; path = PVLiteral.m; sourceTree = "<group>"; };
		B181F0A11491B9C8000298E5 /* PVZeroOrMore.h */ = {isa = PBXFileReference; fileEncoding = 4; lastKnownFileType = sourcecode.c.h; path = PVZeroOrMore.h; sourceTree = "<group>"; };
		B181F0A21491B9C9000298E5 /* PVZeroOrMore.m */ = {isa = PBXFileReference; fileEncoding = 4; lastKnownFileType = sourcecode.c.objc; path = PVZeroOrMore.m; sourceTree = "<group>"; };
		B181F0A51491B9EE000298E5 /* PVOneOrMore.h */ = {isa = PBXFileReference; fileEncoding = 4; lastKnownFileType = sourcecode.c.h; path = PVOneOrMore.h; sourceTree = "<group>"; };
		B181F0A61491B9EF000298E5 /* PVOneOrMore.m */ = {isa = PBXFileReference; fileEncoding = 4; lastKnownFileType = sourcecode.c.objc; path = PVOneOrMore.m; sourceTree = "<group>"; };
		B181F0A91491B9FE000298E5 /* PVOptional.h */ = {isa = PBXFileReference; fileEncoding = 4; lastKnownFileType = sourcecode.c.h; path = PVOptional.h; sourceTree = "<group>"; };
		B181F0AA1491BA03000298E5 /* PVOptional.m */ = {isa = PBXFileReference; fileEncoding = 4; lastKnownFileType = sourcecode.c.objc; path = PVOptional.m; sourceTree = "<group>"; };
		B196D6EB149434D60002DEF0 /* README.md */ = {isa = PBXFileReference; lastKnownFileType = text; path = README.md; sourceTree = "<group>"; xcLanguageSpecificationIdentifier = xcode.lang.man; };
		B196D722149506510002DEF0 /* liblibBroca.a */ = {isa = PBXFileReference; explicitFileType = archive.ar; includeInIndex = 0; path = liblibBroca.a; sourceTree = BUILT_PRODUCTS_DIR; };
		B196D723149506510002DEF0 /* Foundation.framework */ = {isa = PBXFileReference; lastKnownFileType = wrapper.framework; name = Foundation.framework; path = System/Library/Frameworks/Foundation.framework; sourceTree = SDKROOT; };
		B196D727149506510002DEF0 /* libBroca-Prefix.pch */ = {isa = PBXFileReference; lastKnownFileType = sourcecode.c.h; path = "libBroca-Prefix.pch"; sourceTree = "<group>"; };
		B196D728149506510002DEF0 /* libBroca.h */ = {isa = PBXFileReference; lastKnownFileType = sourcecode.c.h; path = libBroca.h; sourceTree = "<group>"; };
		B196D729149506510002DEF0 /* libBroca.m */ = {isa = PBXFileReference; lastKnownFileType = sourcecode.c.objc; path = libBroca.m; sourceTree = "<group>"; };
		B196D78D14956ACE0002DEF0 /* PVCompiledGrammar.m */ = {isa = PBXFileReference; fileEncoding = 4; lastKnownFileType = sourcecode.c.objc; path = PVCompiledGrammar.m; sourceTree = "<group>"; };
		B196D790149588EE0002DEF0 /* PVIgnore.h */ = {isa = PBXFileReference; fileEncoding = 4; lastKnownFileType = sourcecode.c.h; path = PVIgnore.h; sourceTree = "<group>"; };
		B196D79614958A3F0002DEF0 /* PVIgnore.m */ = {isa = PBXFileReference; fileEncoding = 4; lastKnownFileType = sourcecode.c.objc; path = PVIgnore.m; sourceTree = "<group>"; };
		B1C189C917DFA7FD005239BC /* Broca.framework */ = {isa = PBXFileReference; explicitFileType = wrapper.framework; includeInIndex = 0; path = Broca.framework; sourceTree = BUILT_PRODUCTS_DIR; };
		B1C189CD17DFA7FD005239BC /* Broca-Info.plist */ = {isa = PBXFileReference; lastKnownFileType = text.plist.xml; path = "Broca-Info.plist"; sourceTree = "<group>"; };
		B1C189CF17DFA7FD005239BC /* en */ = {isa = PBXFileReference; lastKnownFileType = text.plist.strings; name = en; path = en.lproj/InfoPlist.strings; sourceTree = "<group>"; };
		B1C189D117DFA7FD005239BC /* Broca-Prefix.pch */ = {isa = PBXFileReference; lastKnownFileType = sourcecode.c.h; path = "Broca-Prefix.pch"; sourceTree = "<group>"; };
		B1C189D217DFA7FD005239BC /* Broca.h */ = {isa = PBXFileReference; lastKnownFileType = sourcecode.c.h; path = Broca.h; sourceTree = "<group>"; };
		B1C189D317DFA7FD005239BC /* Broca.m */ = {isa = PBXFileReference; lastKnownFileType = sourcecode.c.objc; path = Broca.m; sourceTree = "<group>"; };
		B1C189DA17DFA7FD005239BC /* BrocaTests.octest */ = {isa = PBXFileReference; explicitFileType = wrapper.cfbundle; includeInIndex = 0; path = BrocaTests.octest; sourceTree = BUILT_PRODUCTS_DIR; };
		B1C189E217DFA7FE005239BC /* BrocaTests-Info.plist */ = {isa = PBXFileReference; lastKnownFileType = text.plist.xml; path = "BrocaTests-Info.plist"; sourceTree = "<group>"; };
		B1C189E417DFA7FE005239BC /* en */ = {isa = PBXFileReference; lastKnownFileType = text.plist.strings; name = en; path = en.lproj/InfoPlist.strings; sourceTree = "<group>"; };
		B1C189E617DFA7FE005239BC /* BrocaTests.h */ = {isa = PBXFileReference; lastKnownFileType = sourcecode.c.h; path = BrocaTests.h; sourceTree = "<group>"; };
		B1C189E717DFA7FE005239BC /* BrocaTests.m */ = {isa = PBXFileReference; lastKnownFileType = sourcecode.c.objc; path = BrocaTests.m; sourceTree = "<group>"; };
		B1C18A0917E00E38005239BC /* PVRuleSet.h */ = {isa = PBXFileReference; fileEncoding = 4; lastKnownFileType = sourcecode.c.h; name = PVRuleSet.h; path = ../Broca/PVRuleSet.h; sourceTree = "<group>"; };
		B1C18A0A17E00E39005239BC /* PVRuleSet.m */ = {isa = PBXFileReference; fileEncoding = 4; lastKnownFileType = sourcecode.c.objc; path = PVRuleSet.m; sourceTree = "<group>"; };
/* End PBXFileReference section */

/* Begin PBXFrameworksBuildPhase section */
		B196D71F149506510002DEF0 /* Frameworks */ = {
			isa = PBXFrameworksBuildPhase;
			buildActionMask = 2147483647;
			files = (
				B196D724149506510002DEF0 /* Foundation.framework in Frameworks */,
			);
			runOnlyForDeploymentPostprocessing = 0;
		};
		B1C189C517DFA7FD005239BC /* Frameworks */ = {
			isa = PBXFrameworksBuildPhase;
			buildActionMask = 2147483647;
			files = (
				B1C189CA17DFA7FD005239BC /* Cocoa.framework in Frameworks */,
			);
			runOnlyForDeploymentPostprocessing = 0;
		};
		B1C189D617DFA7FD005239BC /* Frameworks */ = {
			isa = PBXFrameworksBuildPhase;
			buildActionMask = 2147483647;
			files = (
				B1C189DB17DFA7FD005239BC /* SenTestingKit.framework in Frameworks */,
				B1C189DC17DFA7FD005239BC /* Cocoa.framework in Frameworks */,
				B1C189DF17DFA7FD005239BC /* Broca.framework in Frameworks */,
			);
			runOnlyForDeploymentPostprocessing = 0;
		};
/* End PBXFrameworksBuildPhase section */

/* Begin PBXGroup section */
		B10E36011491BAAD00B277A7 /* Rule Objects */ = {
			isa = PBXGroup;
			children = (
				B181F08A1491B61E000298E5 /* PVRule.m */,
				B181F08E1491B77C000298E5 /* PVCharacter.m */,
				B136B4A017DDA0A100FFA946 /* PVRegex.m */,
				B181F0921491B86F000298E5 /* PVDot.m */,
				B10E36281493E4EC00B277A7 /* PVForward.m */,
				B196D79614958A3F0002DEF0 /* PVIgnore.m */,
				B181F09E1491B8C3000298E5 /* PVLiteral.m */,
				B181F0961491B894000298E5 /* PVOrderedChoice.m */,
				B181F0A61491B9EF000298E5 /* PVOneOrMore.m */,
				B181F0AA1491BA03000298E5 /* PVOptional.m */,
				B10E36041491BADC00B277A7 /* PVNegativeLookAhead.m */,
				B10E36081491BAF300B277A7 /* PVPositiveLookAhead.m */,
				B181F09A1491B8A8000298E5 /* PVSequence.m */,
				B10E36101491BB0D00B277A7 /* PVErrorChoice.m */,
				B181F0A21491B9C9000298E5 /* PVZeroOrMore.m */,
			);
			name = "Rule Objects";
			sourceTree = "<group>";
		};
		B10E36221493B76700B277A7 /* EBNF Parser Bootstrap */ = {
			isa = PBXGroup;
			children = (
				B10E36231493B79D00B277A7 /* PVEBNFParserBootstrap.h */,
				B10E36241493B79D00B277A7 /* PVEBNFParserBootstrap.m */,
			);
			name = "EBNF Parser Bootstrap";
			sourceTree = "<group>";
		};
		B136B49617DD967900FFA946 /* JSON Parser */ = {
			isa = PBXGroup;
			children = (
				B136B49717DD96BA00FFA946 /* PVJSONParser.h */,
				B136B49817DD96BA00FFA946 /* PVJSONParser.m */,
			);
			name = "JSON Parser";
			sourceTree = "<group>";
		};
		B1512B97149B0BE3002D2909 /* Broca_iOS */ = {
			isa = PBXGroup;
			children = (
				B1512B98149B0BE3002D2909 /* Supporting Files */,
			);
			path = Broca_iOS;
			sourceTree = "<group>";
		};
		B1512B98149B0BE3002D2909 /* Supporting Files */ = {
			isa = PBXGroup;
			children = (
				B1512B99149B0BE3002D2909 /* Broca_iOS-Info.plist */,
				B1512B9A149B0BE3002D2909 /* InfoPlist.strings */,
				B1512B9D149B0BE3002D2909 /* Broca_iOS-Prefix.pch */,
			);
			name = "Supporting Files";
			sourceTree = "<group>";
		};
		B181F034149070A0000298E5 = {
			isa = PBXGroup;
			children = (
				B196D6EB149434D60002DEF0 /* README.md */,
				B196D78B149507BC0002DEF0 /* includes */,
				B181F049149070A0000298E5 /* Broca */,
				B181F05F149070A0000298E5 /* BrocaTests */,
				B196D725149506510002DEF0 /* libBroca */,
				B1512B97149B0BE3002D2909 /* Broca_iOS */,
				B1C189CB17DFA7FD005239BC /* Broca */,
				B1C189E017DFA7FD005239BC /* BrocaTests */,
				B181F042149070A0000298E5 /* Frameworks */,
				B181F041149070A0000298E5 /* Products */,
				B1512B8A149B0AEF002D2909 /* Broca-Info.plist */,
			);
			sourceTree = "<group>";
		};
		B181F041149070A0000298E5 /* Products */ = {
			isa = PBXGroup;
			children = (
				B196D722149506510002DEF0 /* liblibBroca.a */,
				B1C189C917DFA7FD005239BC /* Broca.framework */,
				B1C189DA17DFA7FD005239BC /* BrocaTests.octest */,
			);
			name = Products;
			sourceTree = "<group>";
		};
		B181F042149070A0000298E5 /* Frameworks */ = {
			isa = PBXGroup;
			children = (
				B181F043149070A0000298E5 /* Cocoa.framework */,
				B181F059149070A0000298E5 /* SenTestingKit.framework */,
				B196D723149506510002DEF0 /* Foundation.framework */,
				B1512B95149B0BE3002D2909 /* CoreFoundation.framework */,
				B181F045149070A0000298E5 /* Other Frameworks */,
			);
			name = Frameworks;
			sourceTree = "<group>";
		};
		B181F045149070A0000298E5 /* Other Frameworks */ = {
			isa = PBXGroup;
			children = (
				B181F046149070A0000298E5 /* AppKit.framework */,
				B181F047149070A0000298E5 /* CoreData.framework */,
				B181F048149070A0000298E5 /* Foundation.framework */,
			);
			name = "Other Frameworks";
			sourceTree = "<group>";
		};
		B181F049149070A0000298E5 /* Broca */ = {
			isa = PBXGroup;
			children = (
				B136B49617DD967900FFA946 /* JSON Parser */,
				B196D78D14956ACE0002DEF0 /* PVCompiledGrammar.m */,
				B181F051149070A0000298E5 /* Broca.m */,
				B181F0721490711D000298E5 /* PVParser.m */,
				B181F04A149070A0000298E5 /* Supporting Files */,
				B10E36141491C84D00B277A7 /* PVParserContext.m */,
				B10E361B1491CE7600B277A7 /* PVParserContextMemo.m */,
				B10E36011491BAAD00B277A7 /* Rule Objects */,
				B181F07A149071F8000298E5 /* PVSyntaxNode.m */,
				B10E36221493B76700B277A7 /* EBNF Parser Bootstrap */,
				B1C18A0A17E00E39005239BC /* PVRuleSet.m */,
			);
			path = Broca;
			sourceTree = "<group>";
		};
		B181F04A149070A0000298E5 /* Supporting Files */ = {
			isa = PBXGroup;
			children = (
				B181F04B149070A0000298E5 /* Broca-Info.plist */,
				B181F04C149070A0000298E5 /* InfoPlist.strings */,
				B181F04F149070A0000298E5 /* Broca-Prefix.pch */,
			);
			name = "Supporting Files";
			sourceTree = "<group>";
		};
		B181F05F149070A0000298E5 /* BrocaTests */ = {
			isa = PBXGroup;
			children = (
				B181F065149070A0000298E5 /* BrocaTests.h */,
				B181F067149070A0000298E5 /* BrocaTests.m */,
				B181F060149070A0000298E5 /* Supporting Files */,
			);
			path = BrocaTests;
			sourceTree = "<group>";
		};
		B181F060149070A0000298E5 /* Supporting Files */ = {
			isa = PBXGroup;
			children = (
				B181F061149070A0000298E5 /* BrocaTests-Info.plist */,
				B181F062149070A0000298E5 /* InfoPlist.strings */,
			);
			name = "Supporting Files";
			sourceTree = "<group>";
		};
		B196D725149506510002DEF0 /* libBroca */ = {
			isa = PBXGroup;
			children = (
				B196D728149506510002DEF0 /* libBroca.h */,
				B196D729149506510002DEF0 /* libBroca.m */,
				B196D726149506510002DEF0 /* Supporting Files */,
			);
			path = libBroca;
			sourceTree = "<group>";
		};
		B196D726149506510002DEF0 /* Supporting Files */ = {
			isa = PBXGroup;
			children = (
				B196D727149506510002DEF0 /* libBroca-Prefix.pch */,
			);
			name = "Supporting Files";
			sourceTree = "<group>";
		};
		B196D78B149507BC0002DEF0 /* includes */ = {
			isa = PBXGroup;
			children = (
				B1C18A0717DFB8DA005239BC /* Rules */,
				B10E36131491C84D00B277A7 /* PVParserContext.h */,
				B10E361A1491CE7600B277A7 /* PVParserContextMemo.h */,
				B181F07F1490D20D000298E5 /* PVCompiledGrammar.h */,
				B181F050149070A0000298E5 /* Broca.h */,
				B181F079149071F8000298E5 /* PVSyntaxNode.h */,
				B181F0711490711D000298E5 /* PVParser.h */,
				B181F07D149076A3000298E5 /* PVSyntaxNodeTraverser.h */,
				B1C18A0917E00E38005239BC /* PVRuleSet.h */,
			);
			path = includes;
			sourceTree = SOURCE_ROOT;
		};
		B1C189CB17DFA7FD005239BC /* Broca */ = {
			isa = PBXGroup;
			children = (
				B1C189D217DFA7FD005239BC /* Broca.h */,
				B1C189D317DFA7FD005239BC /* Broca.m */,
				B1C189CC17DFA7FD005239BC /* Supporting Files */,
			);
			path = Broca;
			sourceTree = "<group>";
		};
		B1C189CC17DFA7FD005239BC /* Supporting Files */ = {
			isa = PBXGroup;
			children = (
				B1C189CD17DFA7FD005239BC /* Broca-Info.plist */,
				B1C189CE17DFA7FD005239BC /* InfoPlist.strings */,
				B1C189D117DFA7FD005239BC /* Broca-Prefix.pch */,
			);
			name = "Supporting Files";
			sourceTree = "<group>";
		};
		B1C189E017DFA7FD005239BC /* BrocaTests */ = {
			isa = PBXGroup;
			children = (
				B1C189E617DFA7FE005239BC /* BrocaTests.h */,
				B1C189E717DFA7FE005239BC /* BrocaTests.m */,
				B1C189E117DFA7FE005239BC /* Supporting Files */,
			);
			path = BrocaTests;
			sourceTree = "<group>";
		};
		B1C189E117DFA7FE005239BC /* Supporting Files */ = {
			isa = PBXGroup;
			children = (
				B1C189E217DFA7FE005239BC /* BrocaTests-Info.plist */,
				B1C189E317DFA7FE005239BC /* InfoPlist.strings */,
			);
			name = "Supporting Files";
			sourceTree = "<group>";
		};
		B1C18A0717DFB8DA005239BC /* Rules */ = {
			isa = PBXGroup;
			children = (
				B181F0891491B61E000298E5 /* PVRule.h */,
				B10E36031491BADC00B277A7 /* PVNegativeLookAhead.h */,
				B10E36071491BAF300B277A7 /* PVPositiveLookAhead.h */,
				B10E360F1491BB0D00B277A7 /* PVErrorChoice.h */,
				B10E36271493E4EA00B277A7 /* PVForward.h */,
				B136B49F17DDA0A100FFA946 /* PVRegex.h */,
				B181F0911491B86F000298E5 /* PVDot.h */,
				B181F08D1491B77B000298E5 /* PVCharacter.h */,
				B181F0951491B893000298E5 /* PVOrderedChoice.h */,
				B196D790149588EE0002DEF0 /* PVIgnore.h */,
				B181F0A91491B9FE000298E5 /* PVOptional.h */,
				B181F0A51491B9EE000298E5 /* PVOneOrMore.h */,
				B181F0A11491B9C8000298E5 /* PVZeroOrMore.h */,
				B181F09D1491B8C2000298E5 /* PVLiteral.h */,
				B181F0991491B8A8000298E5 /* PVSequence.h */,
			);
			name = Rules;
			sourceTree = "<group>";
		};
/* End PBXGroup section */

/* Begin PBXHeadersBuildPhase section */
		B196D720149506510002DEF0 /* Headers */ = {
			isa = PBXHeadersBuildPhase;
			buildActionMask = 2147483647;
			files = (
				B196D793149588EE0002DEF0 /* PVIgnore.h in Headers */,
				B136B49A17DD96BA00FFA946 /* PVJSONParser.h in Headers */,
				B136B4A217DDA0A100FFA946 /* PVRegex.h in Headers */,
				B196D761149506D60002DEF0 /* Broca.h in Headers */,
				B196D762149506D60002DEF0 /* PVParser.h in Headers */,
				B196D763149506D60002DEF0 /* PVParserContext.h in Headers */,
				B196D764149506D60002DEF0 /* PVParserContextMemo.h in Headers */,
				B196D765149506D60002DEF0 /* PVCompiledGrammar.h in Headers */,
				B196D766149506D60002DEF0 /* PVRule.h in Headers */,
				B196D768149506D60002DEF0 /* PVCharacter.h in Headers */,
				B196D769149506D60002DEF0 /* PVDot.h in Headers */,
				B196D76A149506D60002DEF0 /* PVOrderedChoice.h in Headers */,
				B196D76B149506D60002DEF0 /* PVSequence.h in Headers */,
				B196D76C149506D60002DEF0 /* PVLiteral.h in Headers */,
				B196D76D149506D60002DEF0 /* PVZeroOrMore.h in Headers */,
				B196D76E149506D60002DEF0 /* PVOneOrMore.h in Headers */,
				B196D76F149506D60002DEF0 /* PVOptional.h in Headers */,
				B196D770149506D60002DEF0 /* PVNegativeLookAhead.h in Headers */,
				B196D771149506D60002DEF0 /* PVPositiveLookAhead.h in Headers */,
				B196D773149506D60002DEF0 /* PVErrorChoice.h in Headers */,
				B196D774149506D60002DEF0 /* PVForward.h in Headers */,
				B196D775149506D60002DEF0 /* PVSyntaxNodeTraverser.h in Headers */,
				B196D776149506D60002DEF0 /* PVSyntaxNode.h in Headers */,
				B196D777149506D60002DEF0 /* PVEBNFParserBootstrap.h in Headers */,
				B1C18A0B17E00E3A005239BC /* PVRuleSet.h in Headers */,
			);
			runOnlyForDeploymentPostprocessing = 0;
		};
		B1C189C617DFA7FD005239BC /* Headers */ = {
			isa = PBXHeadersBuildPhase;
			buildActionMask = 2147483647;
			files = (
				B1C18A0C17E00E3A005239BC /* PVRuleSet.h in Headers */,
			);
			runOnlyForDeploymentPostprocessing = 0;
		};
/* End PBXHeadersBuildPhase section */

/* Begin PBXNativeTarget section */
		B196D721149506510002DEF0 /* libBroca */ = {
			isa = PBXNativeTarget;
			buildConfigurationList = B196D748149506510002DEF0 /* Build configuration list for PBXNativeTarget "libBroca" */;
			buildPhases = (
				B196D71E149506510002DEF0 /* Sources */,
				B196D71F149506510002DEF0 /* Frameworks */,
				B196D720149506510002DEF0 /* Headers */,
			);
			buildRules = (
			);
			dependencies = (
			);
			name = libBroca;
			productName = libBroca;
			productReference = B196D722149506510002DEF0 /* liblibBroca.a */;
			productType = "com.apple.product-type.library.static";
		};
		B1C189C817DFA7FD005239BC /* Broca */ = {
			isa = PBXNativeTarget;
			buildConfigurationList = B1C189E917DFA7FE005239BC /* Build configuration list for PBXNativeTarget "Broca" */;
			buildPhases = (
				B1C189C417DFA7FD005239BC /* Sources */,
				B1C189C517DFA7FD005239BC /* Frameworks */,
				B1C189C617DFA7FD005239BC /* Headers */,
				B1C189C717DFA7FD005239BC /* Resources */,
			);
			buildRules = (
			);
			dependencies = (
			);
			name = Broca;
			productName = Broca;
			productReference = B1C189C917DFA7FD005239BC /* Broca.framework */;
			productType = "com.apple.product-type.framework";
		};
		B1C189D917DFA7FD005239BC /* BrocaTests */ = {
			isa = PBXNativeTarget;
			buildConfigurationList = B1C189EC17DFA7FE005239BC /* Build configuration list for PBXNativeTarget "BrocaTests" */;
			buildPhases = (
				B1C189D517DFA7FD005239BC /* Sources */,
				B1C189D617DFA7FD005239BC /* Frameworks */,
				B1C189D717DFA7FD005239BC /* Resources */,
				B1C189D817DFA7FD005239BC /* ShellScript */,
			);
			buildRules = (
			);
			dependencies = (
				B1C189DE17DFA7FD005239BC /* PBXTargetDependency */,
			);
			name = BrocaTests;
			productName = BrocaTests;
			productReference = B1C189DA17DFA7FD005239BC /* BrocaTests.octest */;
			productType = "com.apple.product-type.bundle";
		};
/* End PBXNativeTarget section */

/* Begin PBXProject section */
		B181F036149070A0000298E5 /* Project object */ = {
			isa = PBXProject;
			attributes = {
				LastUpgradeCheck = 0460;
				ORGANIZATIONNAME = "Pixel of View";
			};
			buildConfigurationList = B181F039149070A0000298E5 /* Build configuration list for PBXProject "Broca" */;
			compatibilityVersion = "Xcode 3.2";
			developmentRegion = English;
			hasScannedForEncodings = 0;
			knownRegions = (
				en,
			);
			mainGroup = B181F034149070A0000298E5;
			productRefGroup = B181F041149070A0000298E5 /* Products */;
			projectDirPath = "";
			projectRoot = "";
			targets = (
				B196D721149506510002DEF0 /* libBroca */,
				B1C189C817DFA7FD005239BC /* Broca */,
				B1C189D917DFA7FD005239BC /* BrocaTests */,
			);
		};
/* End PBXProject section */

/* Begin PBXResourcesBuildPhase section */
		B1C189C717DFA7FD005239BC /* Resources */ = {
			isa = PBXResourcesBuildPhase;
			buildActionMask = 2147483647;
			files = (
				B1C189D017DFA7FD005239BC /* InfoPlist.strings in Resources */,
			);
			runOnlyForDeploymentPostprocessing = 0;
		};
		B1C189D717DFA7FD005239BC /* Resources */ = {
			isa = PBXResourcesBuildPhase;
			buildActionMask = 2147483647;
			files = (
				B1C189E517DFA7FE005239BC /* InfoPlist.strings in Resources */,
			);
			runOnlyForDeploymentPostprocessing = 0;
		};
/* End PBXResourcesBuildPhase section */

/* Begin PBXShellScriptBuildPhase section */
		B1C189D817DFA7FD005239BC /* ShellScript */ = {
			isa = PBXShellScriptBuildPhase;
			buildActionMask = 2147483647;
			files = (
			);
			inputPaths = (
			);
			outputPaths = (
			);
			runOnlyForDeploymentPostprocessing = 0;
			shellPath = /bin/sh;
			shellScript = "# Run the unit tests in this test bundle.\n\"${SYSTEM_DEVELOPER_DIR}/Tools/RunUnitTests\"\n";
		};
/* End PBXShellScriptBuildPhase section */

/* Begin PBXSourcesBuildPhase section */
		B196D71E149506510002DEF0 /* Sources */ = {
			isa = PBXSourcesBuildPhase;
			buildActionMask = 2147483647;
			files = (
				B196D74C149506870002DEF0 /* PVParser.m in Sources */,
				B196D74D149506870002DEF0 /* PVParserContext.m in Sources */,
				B196D74E149506870002DEF0 /* PVParserContextMemo.m in Sources */,
				B196D750149506870002DEF0 /* PVRule.m in Sources */,
				B196D752149506870002DEF0 /* PVCharacter.m in Sources */,
				B196D753149506870002DEF0 /* PVDot.m in Sources */,
				B196D754149506870002DEF0 /* PVOrderedChoice.m in Sources */,
				B196D755149506870002DEF0 /* PVSequence.m in Sources */,
				B196D756149506870002DEF0 /* PVLiteral.m in Sources */,
				B196D757149506870002DEF0 /* PVZeroOrMore.m in Sources */,
				B196D758149506870002DEF0 /* PVOneOrMore.m in Sources */,
				B196D759149506870002DEF0 /* PVOptional.m in Sources */,
				B196D75A149506870002DEF0 /* PVNegativeLookAhead.m in Sources */,
				B196D75B149506870002DEF0 /* PVPositiveLookAhead.m in Sources */,
				B196D75D149506870002DEF0 /* PVErrorChoice.m in Sources */,
				B196D75E149506870002DEF0 /* PVForward.m in Sources */,
				B196D75F149506870002DEF0 /* PVSyntaxNode.m in Sources */,
				B196D760149506870002DEF0 /* PVEBNFParserBootstrap.m in Sources */,
				B196D72A149506510002DEF0 /* libBroca.m in Sources */,
				B196D78F14956ACE0002DEF0 /* PVCompiledGrammar.m in Sources */,
				B196D79814958A3F0002DEF0 /* PVIgnore.m in Sources */,
				B136B49D17DD96BA00FFA946 /* PVJSONParser.m in Sources */,
				B136B4A517DDA0A100FFA946 /* PVRegex.m in Sources */,
				B1C18A0D17E00E3A005239BC /* PVRuleSet.m in Sources */,
			);
			runOnlyForDeploymentPostprocessing = 0;
		};
		B1C189C417DFA7FD005239BC /* Sources */ = {
			isa = PBXSourcesBuildPhase;
			buildActionMask = 2147483647;
			files = (
				B1C189EF17DFADB2005239BC /* PVJSONParser.m in Sources */,
				B1C189F017DFADB2005239BC /* PVCompiledGrammar.m in Sources */,
				B1C189F117DFADB2005239BC /* PVParser.m in Sources */,
				B1C189F217DFADB2005239BC /* PVParserContext.m in Sources */,
				B1C189F317DFADB2005239BC /* PVParserContextMemo.m in Sources */,
				B1C189F417DFADB2005239BC /* PVRule.m in Sources */,
				B1C189F517DFADB2005239BC /* PVCharacter.m in Sources */,
				B1C189F617DFADB2005239BC /* PVRegex.m in Sources */,
				B1C189F717DFADB2005239BC /* PVDot.m in Sources */,
				B1C189F817DFADB2005239BC /* PVForward.m in Sources */,
				B1C189F917DFADB2005239BC /* PVIgnore.m in Sources */,
				B1C189FA17DFADB2005239BC /* PVLiteral.m in Sources */,
				B1C189FB17DFADB2005239BC /* PVOrderedChoice.m in Sources */,
				B1C189FC17DFADB2005239BC /* PVOneOrMore.m in Sources */,
				B1C189FD17DFADB2005239BC /* PVOptional.m in Sources */,
				B1C189FF17DFADB2005239BC /* PVNegativeLookAhead.m in Sources */,
				B1C18A0017DFADB2005239BC /* PVPositiveLookAhead.m in Sources */,
				B1C18A0117DFADB2005239BC /* PVSequence.m in Sources */,
				B1C18A0317DFADB2005239BC /* PVErrorChoice.m in Sources */,
				B1C18A0417DFADB2005239BC /* PVZeroOrMore.m in Sources */,
				B1C18A0517DFADB2005239BC /* PVSyntaxNode.m in Sources */,
				B1C18A0617DFADB2005239BC /* PVEBNFParserBootstrap.m in Sources */,
				B1C189D417DFA7FD005239BC /* Broca.m in Sources */,
				B1C18A0E17E00E3A005239BC /* PVRuleSet.m in Sources */,
			);
			runOnlyForDeploymentPostprocessing = 0;
		};
		B1C189D517DFA7FD005239BC /* Sources */ = {
			isa = PBXSourcesBuildPhase;
			buildActionMask = 2147483647;
			files = (
				B1C189E817DFA7FE005239BC /* BrocaTests.m in Sources */,
			);
			runOnlyForDeploymentPostprocessing = 0;
		};
/* End PBXSourcesBuildPhase section */

/* Begin PBXTargetDependency section */
		B1C189DE17DFA7FD005239BC /* PBXTargetDependency */ = {
			isa = PBXTargetDependency;
			target = B1C189C817DFA7FD005239BC /* Broca */;
			targetProxy = B1C189DD17DFA7FD005239BC /* PBXContainerItemProxy */;
		};
/* End PBXTargetDependency section */

/* Begin PBXVariantGroup section */
		B1512B9A149B0BE3002D2909 /* InfoPlist.strings */ = {
			isa = PBXVariantGroup;
			children = (
				B1512B9B149B0BE3002D2909 /* en */,
			);
			name = InfoPlist.strings;
			sourceTree = "<group>";
		};
		B181F04C149070A0000298E5 /* InfoPlist.strings */ = {
			isa = PBXVariantGroup;
			children = (
				B181F04D149070A0000298E5 /* en */,
			);
			name = InfoPlist.strings;
			sourceTree = "<group>";
		};
		B181F062149070A0000298E5 /* InfoPlist.strings */ = {
			isa = PBXVariantGroup;
			children = (
				B181F063149070A0000298E5 /* en */,
			);
			name = InfoPlist.strings;
			sourceTree = "<group>";
		};
		B1C189CE17DFA7FD005239BC /* InfoPlist.strings */ = {
			isa = PBXVariantGroup;
			children = (
				B1C189CF17DFA7FD005239BC /* en */,
			);
			name = InfoPlist.strings;
			sourceTree = "<group>";
		};
		B1C189E317DFA7FE005239BC /* InfoPlist.strings */ = {
			isa = PBXVariantGroup;
			children = (
				B1C189E417DFA7FE005239BC /* en */,
			);
			name = InfoPlist.strings;
			sourceTree = "<group>";
		};
/* End PBXVariantGroup section */

/* Begin XCBuildConfiguration section */
		B181F069149070A0000298E5 /* Debug */ = {
			isa = XCBuildConfiguration;
			buildSettings = {
				ALWAYS_SEARCH_USER_PATHS = NO;
				ARCHS = "$(ARCHS_STANDARD_64_BIT)";
				CLANG_WARN_CONSTANT_CONVERSION = YES;
				CLANG_WARN_ENUM_CONVERSION = YES;
				CLANG_WARN_INT_CONVERSION = YES;
				CLANG_WARN__DUPLICATE_METHOD_MATCH = YES;
				COPY_PHASE_STRIP = NO;
				GCC_C_LANGUAGE_STANDARD = gnu99;
				GCC_DYNAMIC_NO_PIC = NO;
				GCC_ENABLE_OBJC_EXCEPTIONS = YES;
				GCC_OPTIMIZATION_LEVEL = 0;
				GCC_PREPROCESSOR_DEFINITIONS = (
					"DEBUG=1",
					"$(inherited)",
				);
				GCC_SYMBOLS_PRIVATE_EXTERN = NO;
				GCC_VERSION = com.apple.compilers.llvm.clang.1_0;
				GCC_WARN_64_TO_32_BIT_CONVERSION = YES;
				GCC_WARN_ABOUT_MISSING_PROTOTYPES = YES;
				GCC_WARN_ABOUT_RETURN_TYPE = YES;
				GCC_WARN_UNINITIALIZED_AUTOS = YES;
				GCC_WARN_UNUSED_VARIABLE = YES;
				MACOSX_DEPLOYMENT_TARGET = 10.6;
				ONLY_ACTIVE_ARCH = YES;
				PUBLIC_HEADERS_FOLDER_PATH = "";
				SDKROOT = macosx;
				USER_HEADER_SEARCH_PATHS = includes;
			};
			name = Debug;
		};
		B181F06A149070A0000298E5 /* Release */ = {
			isa = XCBuildConfiguration;
			buildSettings = {
				ALWAYS_SEARCH_USER_PATHS = NO;
				ARCHS = "$(ARCHS_STANDARD_64_BIT)";
				CLANG_WARN_CONSTANT_CONVERSION = YES;
				CLANG_WARN_ENUM_CONVERSION = YES;
				CLANG_WARN_INT_CONVERSION = YES;
				CLANG_WARN__DUPLICATE_METHOD_MATCH = YES;
				COPY_PHASE_STRIP = YES;
				DEBUG_INFORMATION_FORMAT = "dwarf-with-dsym";
				GCC_C_LANGUAGE_STANDARD = gnu99;
				GCC_ENABLE_OBJC_EXCEPTIONS = YES;
				GCC_VERSION = com.apple.compilers.llvm.clang.1_0;
				GCC_WARN_64_TO_32_BIT_CONVERSION = YES;
				GCC_WARN_ABOUT_MISSING_PROTOTYPES = YES;
				GCC_WARN_ABOUT_RETURN_TYPE = YES;
				GCC_WARN_UNINITIALIZED_AUTOS = YES;
				GCC_WARN_UNUSED_VARIABLE = YES;
				MACOSX_DEPLOYMENT_TARGET = 10.6;
				PUBLIC_HEADERS_FOLDER_PATH = "";
				SDKROOT = macosx;
				USER_HEADER_SEARCH_PATHS = includes;
			};
			name = Release;
		};
		B196D744149506510002DEF0 /* Debug */ = {
			isa = XCBuildConfiguration;
			buildSettings = {
				ARCHS = "$(ARCHS_STANDARD_32_64_BIT)";
				DSTROOT = /tmp/libBroca.dst;
				GCC_PRECOMPILE_PREFIX_HEADER = YES;
				GCC_PREFIX_HEADER = "libBroca/libBroca-Prefix.pch";
				GCC_VERSION = com.apple.compilers.llvm.clang.1_0;
				IPHONEOS_DEPLOYMENT_TARGET = 4.3;
				OTHER_LDFLAGS = "-ObjC";
				PRODUCT_NAME = "$(TARGET_NAME)";
				SDKROOT = "";
				SKIP_INSTALL = YES;
			};
			name = Debug;
		};
		B196D745149506510002DEF0 /* Release */ = {
			isa = XCBuildConfiguration;
			buildSettings = {
				ARCHS = "$(ARCHS_STANDARD_32_64_BIT)";
				DSTROOT = /tmp/libBroca.dst;
				GCC_PRECOMPILE_PREFIX_HEADER = YES;
				GCC_PREFIX_HEADER = "libBroca/libBroca-Prefix.pch";
				GCC_VERSION = com.apple.compilers.llvm.clang.1_0;
				IPHONEOS_DEPLOYMENT_TARGET = 4.3;
				OTHER_LDFLAGS = "-ObjC";
				PRODUCT_NAME = "$(TARGET_NAME)";
				SDKROOT = "";
				SKIP_INSTALL = YES;
				VALIDATE_PRODUCT = YES;
			};
			name = Release;
		};
		B1C189EA17DFA7FE005239BC /* Debug */ = {
			isa = XCBuildConfiguration;
			buildSettings = {
				ARCHS = "$(ARCHS_STANDARD_32_64_BIT)";
				CLANG_CXX_LANGUAGE_STANDARD = "gnu++0x";
				CLANG_CXX_LIBRARY = "libc++";
				CLANG_WARN_EMPTY_BODY = YES;
				COMBINE_HIDPI_IMAGES = YES;
				DYLIB_COMPATIBILITY_VERSION = 1;
				DYLIB_CURRENT_VERSION = 1;
				FRAMEWORK_VERSION = A;
				GCC_PRECOMPILE_PREFIX_HEADER = YES;
				GCC_PREFIX_HEADER = "Broca/Broca-Prefix.pch";
				INFOPLIST_FILE = "Broca/Broca-Info.plist";
				MACOSX_DEPLOYMENT_TARGET = 10.8;
				PRODUCT_NAME = "$(TARGET_NAME)";
				WRAPPER_EXTENSION = framework;
			};
			name = Debug;
		};
		B1C189EB17DFA7FE005239BC /* Release */ = {
			isa = XCBuildConfiguration;
			buildSettings = {
				ARCHS = "$(ARCHS_STANDARD_32_64_BIT)";
				CLANG_CXX_LANGUAGE_STANDARD = "gnu++0x";
				CLANG_CXX_LIBRARY = "libc++";
				CLANG_WARN_EMPTY_BODY = YES;
				COMBINE_HIDPI_IMAGES = YES;
				DYLIB_COMPATIBILITY_VERSION = 1;
				DYLIB_CURRENT_VERSION = 1;
				FRAMEWORK_VERSION = A;
				GCC_PRECOMPILE_PREFIX_HEADER = YES;
				GCC_PREFIX_HEADER = "Broca/Broca-Prefix.pch";
				INFOPLIST_FILE = "Broca/Broca-Info.plist";
				MACOSX_DEPLOYMENT_TARGET = 10.8;
				PRODUCT_NAME = "$(TARGET_NAME)";
				WRAPPER_EXTENSION = framework;
			};
			name = Release;
		};
		B1C189ED17DFA7FE005239BC /* Debug */ = {
			isa = XCBuildConfiguration;
			buildSettings = {
				CLANG_CXX_LANGUAGE_STANDARD = "gnu++0x";
				CLANG_CXX_LIBRARY = "libc++";
				CLANG_WARN_EMPTY_BODY = YES;
				COMBINE_HIDPI_IMAGES = YES;
				FRAMEWORK_SEARCH_PATHS = "\"$(DEVELOPER_LIBRARY_DIR)/Frameworks\"";
				GCC_PRECOMPILE_PREFIX_HEADER = YES;
				GCC_PREFIX_HEADER = "Broca/Broca-Prefix.pch";
				INFOPLIST_FILE = "BrocaTests/BrocaTests-Info.plist";
				MACOSX_DEPLOYMENT_TARGET = 10.8;
				PRODUCT_NAME = "$(TARGET_NAME)";
				WRAPPER_EXTENSION = octest;
			};
			name = Debug;
		};
		B1C189EE17DFA7FE005239BC /* Release */ = {
			isa = XCBuildConfiguration;
			buildSettings = {
				CLANG_CXX_LANGUAGE_STANDARD = "gnu++0x";
				CLANG_CXX_LIBRARY = "libc++";
				CLANG_WARN_EMPTY_BODY = YES;
				COMBINE_HIDPI_IMAGES = YES;
				FRAMEWORK_SEARCH_PATHS = "\"$(DEVELOPER_LIBRARY_DIR)/Frameworks\"";
				GCC_PRECOMPILE_PREFIX_HEADER = YES;
				GCC_PREFIX_HEADER = "Broca/Broca-Prefix.pch";
				INFOPLIST_FILE = "BrocaTests/BrocaTests-Info.plist";
				MACOSX_DEPLOYMENT_TARGET = 10.8;
				PRODUCT_NAME = "$(TARGET_NAME)";
				WRAPPER_EXTENSION = octest;
			};
			name = Release;
		};
/* End XCBuildConfiguration section */

/* Begin XCConfigurationList section */
		B181F039149070A0000298E5 /* Build configuration list for PBXProject "Broca" */ = {
			isa = XCConfigurationList;
			buildConfigurations = (
				B181F069149070A0000298E5 /* Debug */,
				B181F06A149070A0000298E5 /* Release */,
			);
			defaultConfigurationIsVisible = 0;
			defaultConfigurationName = Release;
		};
		B196D748149506510002DEF0 /* Build configuration list for PBXNativeTarget "libBroca" */ = {
			isa = XCConfigurationList;
			buildConfigurations = (
				B196D744149506510002DEF0 /* Debug */,
				B196D745149506510002DEF0 /* Release */,
			);
			defaultConfigurationIsVisible = 0;
			defaultConfigurationName = Release;
		};
		B1C189E917DFA7FE005239BC /* Build configuration list for PBXNativeTarget "Broca" */ = {
			isa = XCConfigurationList;
			buildConfigurations = (
				B1C189EA17DFA7FE005239BC /* Debug */,
				B1C189EB17DFA7FE005239BC /* Release */,
			);
			defaultConfigurationIsVisible = 0;
		};
		B1C189EC17DFA7FE005239BC /* Build configuration list for PBXNativeTarget "BrocaTests" */ = {
			isa = XCConfigurationList;
			buildConfigurations = (
				B1C189ED17DFA7FE005239BC /* Debug */,
				B1C189EE17DFA7FE005239BC /* Release */,
			);
			defaultConfigurationIsVisible = 0;
		};
/* End XCConfigurationList section */
	};
	rootObject = B181F036149070A0000298E5 /* Project object */;
}
